# THIS IS AN AUTOGENERATED FILE. DO NOT EDIT THIS FILE DIRECTLY.
# yarn lockfile v1


"@apollo/react-common@^3.1.3":
  version "3.1.3"
  resolved "https://registry.yarnpkg.com/@apollo/react-common/-/react-common-3.1.3.tgz#ddc34f6403f55d47c0da147fd4756dfd7c73dac5"
  integrity sha512-Q7ZjDOeqjJf/AOGxUMdGxKF+JVClRXrYBGVq+SuVFqANRpd68MxtVV2OjCWavsFAN0eqYnRqRUrl7vtUCiJqeg==
  dependencies:
    ts-invariant "^0.4.4"
    tslib "^1.10.0"

"@apollo/react-hooks@^3.1.3":
  version "3.1.3"
  resolved "https://registry.yarnpkg.com/@apollo/react-hooks/-/react-hooks-3.1.3.tgz#ad42c7af78e81fee0f30e53242640410d5bd0293"
  integrity sha512-reIRO9xKdfi+B4gT/o/hnXuopUnm7WED/ru8VQydPw+C/KG/05Ssg1ZdxFKHa3oxwiTUIDnevtccIH35POanbA==
  dependencies:
    "@apollo/react-common" "^3.1.3"
    "@wry/equality" "^0.1.9"
    ts-invariant "^0.4.4"
    tslib "^1.10.0"

"@babel/runtime@^7.0.0", "@babel/runtime@^7.3.1", "@babel/runtime@^7.4.4", "@babel/runtime@^7.5.5", "@babel/runtime@^7.6.2", "@babel/runtime@^7.8.7":
  version "7.9.2"
  resolved "https://registry.yarnpkg.com/@babel/runtime/-/runtime-7.9.2.tgz#d90df0583a3a252f09aaa619665367bae518db06"
  integrity sha512-NE2DtOdufG7R5vnfQUTehdTfNycfUANEtCa9PssN9O/xmTzP4E08UI797ixaei6hBEVL9BI/PsdJS5x7mWoB9Q==
  dependencies:
    regenerator-runtime "^0.13.4"

"@emotion/hash@^0.8.0":
  version "0.8.0"
  resolved "https://registry.yarnpkg.com/@emotion/hash/-/hash-0.8.0.tgz#bbbff68978fefdbe68ccb533bc8cbe1d1afb5413"
  integrity sha512-kBJtf7PH6aWwZ6fka3zQ0p6SBYzx4fl1LoZXE2RrnYST9Xljm7WfKJrU4g/Xr3Beg72MLrp1AWNUmuYJTL7Cow==

"@hurumap-ui/charts@^0.3.5-alpha.0":
  version "0.3.5-alpha.0"
  resolved "https://registry.yarnpkg.com/@hurumap-ui/charts/-/charts-0.3.5-alpha.0.tgz#9131a678a8211f9db1e96712c5b807c1db7ed5f9"
  integrity sha512-S903D4O16A/iIbdrs/KXT4p7doZZWTDE3z6Q5zxImuApAA9eOPV4oyIWGqZdRjrzAGhSWQF26dOBNu9uIFabig==
  dependencies:
    "@material-ui/core" "^4.9.3"
    apollo-client "^2.6.8"
    apollo-utilities "^1.3.3"
    lodash "^4.17.15"
    prop-types "^15.7.2"
    shortid "^2.2.15"
    victory "^34.1.1"

"@hurumap-ui/core@^0.3.5-alpha.0":
  version "0.3.5-alpha.0"
  resolved "https://registry.yarnpkg.com/@hurumap-ui/core/-/core-0.3.5-alpha.0.tgz#c25cd5a8252141936e6a4bfb2ae713ec737cc480"
  integrity sha512-9zRy0Iv93LWIq8iRJkE5BbibBKc7yBENA3fO2zlAST5CPgoCfnC3X8Xu8tYTbwIbGl/CYD62AchxS923lMTLpg==
  dependencies:
    "@apollo/react-hooks" "^3.1.3"
    "@hurumap-ui/charts" "^0.3.5-alpha.0"
    "@material-ui/core" "^4.9.3"
    "@material-ui/icons" "^4.9.1"
    classnames "^2.2.6"
    dequal "^1.0.0"
    dom-to-image "^2.6.0"
    graphql "^14.5.8"
    graphql-tag "^2.10.1"
    leaflet "^1.5.1"
    lodash "^4.17.15"
    prop-types "^15.7.2"
    react-content-loader "^5.0.1"
    react-pdf "^4.1.0"
    react-share "^4.0.0"
    shortid "^2.2.15"
    victory "^34.1.1"

"@material-ui/core@^4.9.3":
  version "4.9.8"
  resolved "https://registry.yarnpkg.com/@material-ui/core/-/core-4.9.8.tgz#21c37a9aadf4ff8a2719b8cfcad0ae9e6ca53791"
  integrity sha512-4cslpG6oLoPWUfwPkX+hvbak4hAGiOfgXOu/UIYeeMrtsTEebC0Mirjoby7zhS4ny86YI3rXEFW6EZDmlj5n5w==
  dependencies:
    "@babel/runtime" "^7.4.4"
    "@material-ui/styles" "^4.9.6"
    "@material-ui/system" "^4.9.6"
    "@material-ui/types" "^5.0.0"
    "@material-ui/utils" "^4.9.6"
    "@types/react-transition-group" "^4.2.0"
    clsx "^1.0.2"
    hoist-non-react-statics "^3.3.2"
    popper.js "^1.14.1"
    prop-types "^15.7.2"
    react-is "^16.8.0"
    react-transition-group "^4.3.0"

"@material-ui/icons@^4.9.1":
  version "4.9.1"
  resolved "https://registry.yarnpkg.com/@material-ui/icons/-/icons-4.9.1.tgz#fdeadf8cb3d89208945b33dbc50c7c616d0bd665"
  integrity sha512-GBitL3oBWO0hzBhvA9KxqcowRUsA0qzwKkURyC8nppnC3fw54KPKZ+d4V1Eeg/UnDRSzDaI9nGCdel/eh9AQMg==
  dependencies:
    "@babel/runtime" "^7.4.4"

"@material-ui/styles@^4.9.6":
  version "4.9.6"
  resolved "https://registry.yarnpkg.com/@material-ui/styles/-/styles-4.9.6.tgz#924a30bf7c9b91af9c8f19c12c8573b8a4ecd085"
  integrity sha512-ijgwStEkw1OZ6gCz18hkjycpr/3lKs1hYPi88O/AUn4vMuuGEGAIrqKVFq/lADmZUNF3DOFIk8LDkp7zmjPxtA==
  dependencies:
    "@babel/runtime" "^7.4.4"
    "@emotion/hash" "^0.8.0"
    "@material-ui/types" "^5.0.0"
    "@material-ui/utils" "^4.9.6"
    clsx "^1.0.2"
    csstype "^2.5.2"
    hoist-non-react-statics "^3.3.2"
    jss "^10.0.3"
    jss-plugin-camel-case "^10.0.3"
    jss-plugin-default-unit "^10.0.3"
    jss-plugin-global "^10.0.3"
    jss-plugin-nested "^10.0.3"
    jss-plugin-props-sort "^10.0.3"
    jss-plugin-rule-value-function "^10.0.3"
    jss-plugin-vendor-prefixer "^10.0.3"
    prop-types "^15.7.2"

"@material-ui/system@^4.9.6":
  version "4.9.6"
  resolved "https://registry.yarnpkg.com/@material-ui/system/-/system-4.9.6.tgz#fd060540224da4d1740da8ca6e7af288e217717e"
  integrity sha512-QtfoAePyqXoZ2HUVSwGb1Ro0kucMCvVjbI0CdYIR21t0Opgfm1Oer6ni9P5lfeXA39xSt0wCierw37j+YES48Q==
  dependencies:
    "@babel/runtime" "^7.4.4"
    "@material-ui/utils" "^4.9.6"
    prop-types "^15.7.2"

"@material-ui/types@^5.0.0":
  version "5.0.0"
  resolved "https://registry.yarnpkg.com/@material-ui/types/-/types-5.0.0.tgz#26d6259dc6b39f4c2e1e9aceff7a11e031941741"
  integrity sha512-UeH2BuKkwDndtMSS0qgx1kCzSMw+ydtj0xx/XbFtxNSTlXydKwzs5gVW5ZKsFlAkwoOOQ9TIsyoCC8hq18tOwg==

"@material-ui/utils@^4.9.6":
  version "4.9.6"
  resolved "https://registry.yarnpkg.com/@material-ui/utils/-/utils-4.9.6.tgz#5f1f9f6e4df9c8b6a263293b68c94834248ff157"
  integrity sha512-gqlBn0JPPTUZeAktn1rgMcy9Iczrr74ecx31tyZLVGdBGGzsxzM6PP6zeS7FuoLS6vG4hoZP7hWnOoHtkR0Kvw==
  dependencies:
    "@babel/runtime" "^7.4.4"
    prop-types "^15.7.2"
    react-is "^16.8.0"

"@types/prop-types@*":
  version "15.7.3"
  resolved "https://registry.yarnpkg.com/@types/prop-types/-/prop-types-15.7.3.tgz#2ab0d5da2e5815f94b0b9d4b95d1e5f243ab2ca7"
  integrity sha512-KfRL3PuHmqQLOG+2tGpRO26Ctg+Cq1E01D2DMriKEATHgWLfeNDmq9e29Q9WIky0dQ3NPkd1mzYH8Lm936Z9qw==

"@types/react-transition-group@^4.2.0":
  version "4.2.4"
  resolved "https://registry.yarnpkg.com/@types/react-transition-group/-/react-transition-group-4.2.4.tgz#c7416225987ccdb719262766c1483da8f826838d"
  integrity sha512-8DMUaDqh0S70TjkqU0DxOu80tFUiiaS9rxkWip/nb7gtvAsbqOXm02UCmR8zdcjWujgeYPiPNTVpVpKzUDotwA==
  dependencies:
    "@types/react" "*"

"@types/react@*":
  version "16.9.29"
  resolved "https://registry.yarnpkg.com/@types/react/-/react-16.9.29.tgz#41c0353b5ea916cdb7a7e89b80b09b268c87a2f8"
  integrity sha512-aE5sV9XVqKvIR8Lqa73hXvlqBzz5hBG0jtV9jZ1uuEWRmW8KN/mdQQmsYlPx6z/b2xa8zR3jtk7WoT+2/m4suA==
  dependencies:
    "@types/prop-types" "*"
    csstype "^2.2.0"

"@types/zen-observable@^0.8.0":
  version "0.8.0"
  resolved "https://registry.yarnpkg.com/@types/zen-observable/-/zen-observable-0.8.0.tgz#8b63ab7f1aa5321248aad5ac890a485656dcea4d"
  integrity sha512-te5lMAWii1uEJ4FwLjzdlbw3+n0FZNOvFXHxQDKeT0dilh7HOzdMzV2TrJVUzq8ep7J4Na8OUYPRLSQkJHAlrg==

"@wry/equality@^0.1.2", "@wry/equality@^0.1.9":
  version "0.1.11"
  resolved "https://registry.yarnpkg.com/@wry/equality/-/equality-0.1.11.tgz#35cb156e4a96695aa81a9ecc4d03787bc17f1790"
  integrity sha512-mwEVBDUVODlsQQ5dfuLUS5/Tf7jqUKyhKYHmVi4fPB6bDMOfWvUPJmKgS1Z7Za/sOI3vzWt4+O7yCiL/70MogA==
  dependencies:
    tslib "^1.9.3"

ajv-keywords@^3.1.0:
  version "3.4.1"
  resolved "https://registry.yarnpkg.com/ajv-keywords/-/ajv-keywords-3.4.1.tgz#ef916e271c64ac12171fd8384eaae6b2345854da"
  integrity sha512-RO1ibKvd27e6FEShVFfPALuHI3WjSVNeK5FIsmme/LYRNxjKuNj+Dt7bucLa6NdSv3JcVTyMlm9kGR84z1XpaQ==

ajv@^6.1.0:
  version "6.12.0"
  resolved "https://registry.yarnpkg.com/ajv/-/ajv-6.12.0.tgz#06d60b96d87b8454a5adaba86e7854da629db4b7"
  integrity sha512-D6gFiFA0RRLyUbvijN74DWAjXSFxWKaWP7mldxkVhyhAV3+SWA9HEJPHQ2c9soIeTFJqcSdFDGFgdqs1iUU2Hw==
  dependencies:
    fast-deep-equal "^3.1.1"
    fast-json-stable-stringify "^2.0.0"
    json-schema-traverse "^0.4.1"
    uri-js "^4.2.2"

apollo-cache@1.3.4:
  version "1.3.4"
  resolved "https://registry.yarnpkg.com/apollo-cache/-/apollo-cache-1.3.4.tgz#0c9f63c793e1cd6e34c450f7668e77aff58c9a42"
  integrity sha512-7X5aGbqaOWYG+SSkCzJNHTz2ZKDcyRwtmvW4mGVLRqdQs+HxfXS4dUS2CcwrAj449se6tZ6NLUMnjko4KMt3KA==
  dependencies:
    apollo-utilities "^1.3.3"
    tslib "^1.10.0"

apollo-client@^2.6.8:
  version "2.6.8"
  resolved "https://registry.yarnpkg.com/apollo-client/-/apollo-client-2.6.8.tgz#01cebc18692abf90c6b3806414e081696b0fa537"
  integrity sha512-0zvJtAcONiozpa5z5zgou83iEKkBaXhhSSXJebFHRXs100SecDojyUWKjwTtBPn9HbM6o5xrvC5mo9VQ5fgAjw==
  dependencies:
    "@types/zen-observable" "^0.8.0"
    apollo-cache "1.3.4"
    apollo-link "^1.0.0"
    apollo-utilities "1.3.3"
    symbol-observable "^1.0.2"
    ts-invariant "^0.4.0"
    tslib "^1.10.0"
    zen-observable "^0.8.0"

apollo-link@^1.0.0:
  version "1.2.13"
  resolved "https://registry.yarnpkg.com/apollo-link/-/apollo-link-1.2.13.tgz#dff00fbf19dfcd90fddbc14b6a3f9a771acac6c4"
  integrity sha512-+iBMcYeevMm1JpYgwDEIDt/y0BB7VWyvlm/7x+TIPNLHCTCMgcEgDuW5kH86iQZWo0I7mNwQiTOz+/3ShPFmBw==
  dependencies:
    apollo-utilities "^1.3.0"
    ts-invariant "^0.4.0"
    tslib "^1.9.3"
    zen-observable-ts "^0.8.20"

apollo-utilities@1.3.3, apollo-utilities@^1.3.0, apollo-utilities@^1.3.3:
  version "1.3.3"
  resolved "https://registry.yarnpkg.com/apollo-utilities/-/apollo-utilities-1.3.3.tgz#f1854715a7be80cd810bc3ac95df085815c0787c"
  integrity sha512-F14aX2R/fKNYMvhuP2t9GD9fggID7zp5I96MF5QeKYWDWTrkRdHRp4+SVfXUVN+cXOaB/IebfvRtzPf25CM0zw==
  dependencies:
    "@wry/equality" "^0.1.2"
    fast-json-stable-stringify "^2.0.0"
    ts-invariant "^0.4.0"
    tslib "^1.10.0"

big.js@^5.2.2:
  version "5.2.2"
  resolved "https://registry.yarnpkg.com/big.js/-/big.js-5.2.2.tgz#65f0af382f578bcdc742bd9c281e9cb2d7768328"
  integrity sha512-vyL2OymJxmarO8gxMr0mhChsO9QGwhynfuu4+MHTAW6czfq9humCB7rKpUjDd9YUiDPU4mzpyupFSvOClAwbmQ==

classnames@^2.2.5, classnames@^2.2.6:
  version "2.2.6"
  resolved "https://registry.yarnpkg.com/classnames/-/classnames-2.2.6.tgz#43935bffdd291f326dad0a205309b38d00f650ce"
  integrity sha512-JR/iSQOSt+LQIWwrwEzJ9uk0xfN3mTVYMwt1Ir5mUcSN6pU+V4zQFFaJsclJbPuAUQH+yfWef6tm7l1quW3C8Q==

clsx@^1.0.2:
  version "1.1.0"
  resolved "https://registry.yarnpkg.com/clsx/-/clsx-1.1.0.tgz#62937c6adfea771247c34b54d320fb99624f5702"
  integrity sha512-3avwM37fSK5oP6M5rQ9CNe99lwxhXDOeSWVPAOYF6OazUTgZCMb0yWlJpmdD74REy1gkEaFiub2ULv4fq9GUhA==

css-vendor@^2.0.7:
  version "2.0.7"
  resolved "https://registry.yarnpkg.com/css-vendor/-/css-vendor-2.0.7.tgz#4e6d53d953c187981576d6a542acc9fb57174bda"
  integrity sha512-VS9Rjt79+p7M0WkPqcAza4Yq1ZHrsHrwf7hPL/bjQB+c1lwmAI+1FXxYTYt818D/50fFVflw0XKleiBN5RITkg==
  dependencies:
    "@babel/runtime" "^7.6.2"
    is-in-browser "^1.0.2"

csstype@^2.2.0, csstype@^2.5.2, csstype@^2.6.5, csstype@^2.6.7:
  version "2.6.10"
  resolved "https://registry.yarnpkg.com/csstype/-/csstype-2.6.10.tgz#e63af50e66d7c266edb6b32909cfd0aabe03928b"
  integrity sha512-D34BqZU4cIlMCY93rZHbrq9pjTAQJ3U8S8rfBqjwHxkGPThWFjzZDQpgMJY0QViLxth6ZKYiwFBo14RdN44U/w==

d3-array@^1.2.0:
  version "1.2.4"
  resolved "https://registry.yarnpkg.com/d3-array/-/d3-array-1.2.4.tgz#635ce4d5eea759f6f605863dbcfc30edc737f71f"
  integrity sha512-KHW6M86R+FUPYGb3R5XiYjXPq7VzwxZ22buHhAEVG5ztoEcZZMLov530mmccaqA1GghZArjQV46fuc8kUqhhHw==

d3-collection@1:
  version "1.0.7"
  resolved "https://registry.yarnpkg.com/d3-collection/-/d3-collection-1.0.7.tgz#349bd2aa9977db071091c13144d5e4f16b5b310e"
  integrity sha512-ii0/r5f4sjKNTfh84Di+DpztYwqKhEyUlKoPrzUFfeSkWxjW49xU2QzO9qrPrNkpdI0XJkfzvmTu8V2Zylln6A==

d3-color@1:
  version "1.4.0"
  resolved "https://registry.yarnpkg.com/d3-color/-/d3-color-1.4.0.tgz#89c45a995ed773b13314f06460df26d60ba0ecaf"
  integrity sha512-TzNPeJy2+iEepfiL92LAAB7fvnp/dV2YwANPVHdDWmYMm23qIJBYww3qT8I8C1wXrmrg4UWs7BKc2tKIgyjzHg==

d3-ease@^1.0.0:
  version "1.0.6"
  resolved "https://registry.yarnpkg.com/d3-ease/-/d3-ease-1.0.6.tgz#ebdb6da22dfac0a22222f2d4da06f66c416a0ec0"
  integrity sha512-SZ/lVU7LRXafqp7XtIcBdxnWl8yyLpgOmzAk0mWBI9gXNzLDx5ybZgnRbH9dN/yY5tzVBqCQ9avltSnqVwessQ==

d3-format@1:
  version "1.4.3"
  resolved "https://registry.yarnpkg.com/d3-format/-/d3-format-1.4.3.tgz#4e8eb4dff3fdcb891a8489ec6e698601c41b96f1"
  integrity sha512-mm/nE2Y9HgGyjP+rKIekeITVgBtX97o1nrvHCWX8F/yBYyevUTvu9vb5pUnKwrcSw7o7GuwMOWjS9gFDs4O+uQ==

d3-interpolate@1, d3-interpolate@^1.1.1:
  version "1.4.0"
  resolved "https://registry.yarnpkg.com/d3-interpolate/-/d3-interpolate-1.4.0.tgz#526e79e2d80daa383f9e0c1c1c7dcc0f0583e987"
  integrity sha512-V9znK0zc3jOPV4VD2zZn0sDhZU3WAE2bmlxdIwwQPPzPjvyLkd8B3JUVdS1IDUFDkWZ72c9qnv1GK2ZagTZ8EA==
  dependencies:
    d3-color "1"

d3-path@1:
  version "1.0.9"
  resolved "https://registry.yarnpkg.com/d3-path/-/d3-path-1.0.9.tgz#48c050bb1fe8c262493a8caf5524e3e9591701cf"
  integrity sha512-VLaYcn81dtHVTjEHd8B+pbe9yHWpXKZUC87PzoFmsFrJqgFwDe/qxfp5MlfsfM1V5E/iVt0MmEbWQ7FVIXh/bg==

d3-scale@^1.0.0:
  version "1.0.7"
  resolved "https://registry.yarnpkg.com/d3-scale/-/d3-scale-1.0.7.tgz#fa90324b3ea8a776422bd0472afab0b252a0945d"
  integrity sha512-KvU92czp2/qse5tUfGms6Kjig0AhHOwkzXG0+PqIJB3ke0WUv088AHMZI0OssO9NCkXt4RP8yju9rpH8aGB7Lw==
  dependencies:
    d3-array "^1.2.0"
    d3-collection "1"
    d3-color "1"
    d3-format "1"
    d3-interpolate "1"
    d3-time "1"
    d3-time-format "2"

d3-shape@^1.0.0, d3-shape@^1.2.0:
  version "1.3.7"
  resolved "https://registry.yarnpkg.com/d3-shape/-/d3-shape-1.3.7.tgz#df63801be07bc986bc54f63789b4fe502992b5d7"
  integrity sha512-EUkvKjqPFUAZyOlhY5gzCxCeI0Aep04LwIRpsZ/mLFelJiUfnK56jo5JMDSE7yyP2kLSb6LtF+S5chMk7uqPqw==
  dependencies:
    d3-path "1"

d3-time-format@2:
  version "2.2.3"
  resolved "https://registry.yarnpkg.com/d3-time-format/-/d3-time-format-2.2.3.tgz#0c9a12ee28342b2037e5ea1cf0b9eb4dd75f29cb"
  integrity sha512-RAHNnD8+XvC4Zc4d2A56Uw0yJoM7bsvOlJR33bclxq399Rak/b9bhvu/InjxdWhPtkgU53JJcleJTGkNRnN6IA==
  dependencies:
    d3-time "1"

d3-time@1:
  version "1.1.0"
  resolved "https://registry.yarnpkg.com/d3-time/-/d3-time-1.1.0.tgz#b1e19d307dae9c900b7e5b25ffc5dcc249a8a0f1"
  integrity sha512-Xh0isrZ5rPYYdqhAVk8VLnMEidhz5aP7htAADH6MfzgmmicPkTo8LhkLxci61/lCB7n7UmE3bN0leRt+qvkLxA==

d3-timer@^1.0.0:
  version "1.0.10"
  resolved "https://registry.yarnpkg.com/d3-timer/-/d3-timer-1.0.10.tgz#dfe76b8a91748831b13b6d9c793ffbd508dd9de5"
  integrity sha512-B1JDm0XDaQC+uvo4DT79H0XmBskgS3l6Ve+1SBCfxgmtIb1AVrPIoqd+nPSv+loMX8szQ0sVUhGngL7D5QPiXw==

d3-voronoi@^1.1.2:
  version "1.1.4"
  resolved "https://registry.yarnpkg.com/d3-voronoi/-/d3-voronoi-1.1.4.tgz#dd3c78d7653d2bb359284ae478645d95944c8297"
  integrity sha512-dArJ32hchFsrQ8uMiTBLq256MpnZjeuBtdHpaDlYuQyjU0CVzCJl/BVW+SkszaAeH95D/8gxqAhgx0ouAWAfRg==

debug@^2.1.3:
  version "2.6.9"
  resolved "https://registry.yarnpkg.com/debug/-/debug-2.6.9.tgz#5d128515df134ff327e90a4c93f4e077a536341f"
  integrity sha512-bC7ElrdJaJnPbAP+1EotYvqZsb3ecl5wi6Bfi6BJTUcNowp6cvspg0jXznRTKDjm/E7AdgFBVeAPVMNcKGsHMA==
  dependencies:
    ms "2.0.0"

delaunator@^4.0.0:
  version "4.0.1"
  resolved "https://registry.yarnpkg.com/delaunator/-/delaunator-4.0.1.tgz#3d779687f57919a7a418f8ab947d3bddb6846957"
  integrity sha512-WNPWi1IRKZfCt/qIDMfERkDp93+iZEmOxN2yy4Jg+Xhv8SLk2UTqqbe1sfiipn0and9QrE914/ihdx82Y/Giag==

delaunay-find@0.0.5:
  version "0.0.5"
  resolved "https://registry.yarnpkg.com/delaunay-find/-/delaunay-find-0.0.5.tgz#5fb37e6509da934881b4b16c08898ac89862c097"
  integrity sha512-7yAJ/wmKWj3SgqjtkGqT/RCwI0HWAo5YnHMoF5nYXD8cdci+YSo23iPmgrZUNOpDxRWN91PqxUvMMr2lKpjr+w==
  dependencies:
    delaunator "^4.0.0"

dequal@^1.0.0:
  version "1.0.0"
  resolved "https://registry.yarnpkg.com/dequal/-/dequal-1.0.0.tgz#41c6065e70de738541c82cdbedea5292277a017e"
  integrity sha512-/Nd1EQbQbI9UbSHrMiKZjFLrXSnU328iQdZKPQf78XQI6C+gutkFUeoHpG5J08Ioa6HeRbRNFpSIclh1xyG0mw==

dom-helpers@^5.0.1:
  version "5.1.4"
  resolved "https://registry.yarnpkg.com/dom-helpers/-/dom-helpers-5.1.4.tgz#4609680ab5c79a45f2531441f1949b79d6587f4b"
  integrity sha512-TjMyeVUvNEnOnhzs6uAn9Ya47GmMo3qq7m+Lr/3ON0Rs5kHvb8I+SQYjLUSYn7qhEm0QjW0yrBkvz9yOrwwz1A==
  dependencies:
    "@babel/runtime" "^7.8.7"
    csstype "^2.6.7"

dom-to-image@^2.6.0:
  version "2.6.0"
  resolved "https://registry.yarnpkg.com/dom-to-image/-/dom-to-image-2.6.0.tgz#8a503608088c87b1c22f9034ae032e1898955867"
  integrity sha1-ilA2CAiMh7HCL5A0rgMuGJiVWGc=

emojis-list@^3.0.0:
  version "3.0.0"
  resolved "https://registry.yarnpkg.com/emojis-list/-/emojis-list-3.0.0.tgz#5570662046ad29e2e916e71aae260abdff4f6a78"
  integrity sha512-/kyM18EfinwXZbno9FyUGeFh87KC8HRQBQGildHZbEuRyWFOmv1U10o9BBp8XVZDVNNuQKyIGIu5ZYAAXJ0V2Q==

fast-deep-equal@^3.1.1:
  version "3.1.1"
  resolved "https://registry.yarnpkg.com/fast-deep-equal/-/fast-deep-equal-3.1.1.tgz#545145077c501491e33b15ec408c294376e94ae4"
  integrity sha512-8UEa58QDLauDNfpbrX55Q9jrGHThw2ZMdOky5Gl1CDtVeJDPVrG4Jxx1N8jw2gkWaff5UUuX1KJd+9zGe2B+ZA==

fast-json-stable-stringify@^2.0.0:
  version "2.1.0"
  resolved "https://registry.yarnpkg.com/fast-json-stable-stringify/-/fast-json-stable-stringify-2.1.0.tgz#874bf69c6f404c2b5d99c481341399fd55892633"
  integrity sha512-lhd/wF+Lk98HZoTCtlVraHtfh5XYijIjalXck7saUtuanSDyLMxnHhSXEDJqHxD7msR8D0uCmqlkwjCV8xvwHw==

graphql-tag@^2.10.1:
  version "2.10.3"
  resolved "https://registry.yarnpkg.com/graphql-tag/-/graphql-tag-2.10.3.tgz#ea1baba5eb8fc6339e4c4cf049dabe522b0edf03"
  integrity sha512-4FOv3ZKfA4WdOKJeHdz6B3F/vxBLSgmBcGeAFPf4n1F64ltJUvOOerNj0rsJxONQGdhUMynQIvd6LzB+1J5oKA==

graphql@^14.5.8:
  version "14.6.0"
  resolved "https://registry.yarnpkg.com/graphql/-/graphql-14.6.0.tgz#57822297111e874ea12f5cd4419616930cd83e49"
  integrity sha512-VKzfvHEKybTKjQVpTFrA5yUq2S9ihcZvfJAtsDBBCuV6wauPu1xl/f9ehgVf0FcEJJs4vz6ysb/ZMkGigQZseg==
  dependencies:
    iterall "^1.2.2"

hoist-non-react-statics@^3.3.2:
  version "3.3.2"
  resolved "https://registry.yarnpkg.com/hoist-non-react-statics/-/hoist-non-react-statics-3.3.2.tgz#ece0acaf71d62c2969c2ec59feff42a4b1a85b45"
  integrity sha512-/gGivxi8JPKWNm/W0jSmzcMPpfpPLc3dY/6GxhX2hQ9iGj3aDfklV4ET7NjKpSinLpJ5vafa9iiGIEZg10SfBw==
  dependencies:
    react-is "^16.7.0"

hyphenate-style-name@^1.0.3:
  version "1.0.3"
  resolved "https://registry.yarnpkg.com/hyphenate-style-name/-/hyphenate-style-name-1.0.3.tgz#097bb7fa0b8f1a9cf0bd5c734cf95899981a9b48"
  integrity sha512-EcuixamT82oplpoJ2XU4pDtKGWQ7b00CD9f1ug9IaQ3p1bkHMiKCZ9ut9QDI6qsa6cpUuB+A/I+zLtdNK4n2DQ==

is-in-browser@^1.0.2, is-in-browser@^1.1.3:
  version "1.1.3"
  resolved "https://registry.yarnpkg.com/is-in-browser/-/is-in-browser-1.1.3.tgz#56ff4db683a078c6082eb95dad7dc62e1d04f835"
  integrity sha1-Vv9NtoOgeMYILrldrX3GLh0E+DU=

iterall@^1.2.2:
  version "1.3.0"
  resolved "https://registry.yarnpkg.com/iterall/-/iterall-1.3.0.tgz#afcb08492e2915cbd8a0884eb93a8c94d0d72fea"
  integrity sha512-QZ9qOMdF+QLHxy1QIpUHUU1D5pS2CG2P69LF6L6CPjPYA/XMOmKV3PZpawHoAjHNyB0swdVTRxdYT4tbBbxqwg==

"js-tokens@^3.0.0 || ^4.0.0":
  version "4.0.0"
  resolved "https://registry.yarnpkg.com/js-tokens/-/js-tokens-4.0.0.tgz#19203fb59991df98e3a287050d4647cdeaf32499"
  integrity sha512-RdJUflcE3cUzKiMqQgsCu06FPu9UdIJO0beYbPhHN4k6apgJtifcoCtT9bcxOpYBtpD2kCM6Sbzg4CausW/PKQ==

json-schema-traverse@^0.4.1:
  version "0.4.1"
  resolved "https://registry.yarnpkg.com/json-schema-traverse/-/json-schema-traverse-0.4.1.tgz#69f6a87d9513ab8bb8fe63bdb0979c448e684660"
  integrity sha512-xbbCH5dCYU5T8LcEhhuh7HJ88HXuW3qsI3Y0zOZFKfZEHcpWiHU/Jxzk629Brsab/mMiHQti9wMP+845RPe3Vg==

json5@^1.0.1:
  version "1.0.1"
  resolved "https://registry.yarnpkg.com/json5/-/json5-1.0.1.tgz#779fb0018604fa854eacbf6252180d83543e3dbe"
  integrity sha512-aKS4WQjPenRxiQsC93MNfjx+nbF4PAdYzmd/1JIj8HYzqfbu86beTuNgXDzPknWk0n0uARlyewZo4s++ES36Ow==
  dependencies:
    minimist "^1.2.0"

jsonp@^0.2.1:
  version "0.2.1"
  resolved "https://registry.yarnpkg.com/jsonp/-/jsonp-0.2.1.tgz#a65b4fa0f10bda719a05441ea7b94c55f3e15bae"
  integrity sha1-pltPoPEL2nGaBUQep7lMVfPhW64=
  dependencies:
    debug "^2.1.3"

jss-plugin-camel-case@^10.0.3:
  version "10.1.1"
  resolved "https://registry.yarnpkg.com/jss-plugin-camel-case/-/jss-plugin-camel-case-10.1.1.tgz#8e73ecc4f1d0f8dfe4dd31f6f9f2782588970e78"
  integrity sha512-MDIaw8FeD5uFz1seQBKz4pnvDLnj5vIKV5hXSVdMaAVq13xR6SVTVWkIV/keyTs5txxTvzGJ9hXoxgd1WTUlBw==
  dependencies:
    "@babel/runtime" "^7.3.1"
    hyphenate-style-name "^1.0.3"
    jss "10.1.1"

jss-plugin-default-unit@^10.0.3:
  version "10.1.1"
  resolved "https://registry.yarnpkg.com/jss-plugin-default-unit/-/jss-plugin-default-unit-10.1.1.tgz#2df86016dfe73085eead843f5794e3890e9c5c47"
  integrity sha512-UkeVCA/b3QEA4k0nIKS4uWXDCNmV73WLHdh2oDGZZc3GsQtlOCuiH3EkB/qI60v2MiCq356/SYWsDXt21yjwdg==
  dependencies:
    "@babel/runtime" "^7.3.1"
    jss "10.1.1"

jss-plugin-global@^10.0.3:
  version "10.1.1"
  resolved "https://registry.yarnpkg.com/jss-plugin-global/-/jss-plugin-global-10.1.1.tgz#36b0d6d9facb74dfd99590643708a89260747d14"
  integrity sha512-VBG3wRyi3Z8S4kMhm8rZV6caYBegsk+QnQZSVmrWw6GVOT/Z4FA7eyMu5SdkorDlG/HVpHh91oFN56O4R9m2VA==
  dependencies:
    "@babel/runtime" "^7.3.1"
    jss "10.1.1"

jss-plugin-nested@^10.0.3:
  version "10.1.1"
  resolved "https://registry.yarnpkg.com/jss-plugin-nested/-/jss-plugin-nested-10.1.1.tgz#5c3de2b8bda344de1ebcef3a4fd30870a29a8a8c"
  integrity sha512-ozEu7ZBSVrMYxSDplPX3H82XHNQk2DQEJ9TEyo7OVTPJ1hEieqjDFiOQOxXEj9z3PMqkylnUbvWIZRDKCFYw5Q==
  dependencies:
    "@babel/runtime" "^7.3.1"
    jss "10.1.1"
    tiny-warning "^1.0.2"

jss-plugin-props-sort@^10.0.3:
  version "10.1.1"
  resolved "https://registry.yarnpkg.com/jss-plugin-props-sort/-/jss-plugin-props-sort-10.1.1.tgz#34bddcbfaf9430ec8ccdf92729f03bb10caf1785"
  integrity sha512-g/joK3eTDZB4pkqpZB38257yD4LXB0X15jxtZAGbUzcKAVUHPl9Jb47Y7lYmiGsShiV4YmQRqG1p2DHMYoK91g==
  dependencies:
    "@babel/runtime" "^7.3.1"
    jss "10.1.1"

jss-plugin-rule-value-function@^10.0.3:
  version "10.1.1"
  resolved "https://registry.yarnpkg.com/jss-plugin-rule-value-function/-/jss-plugin-rule-value-function-10.1.1.tgz#be00dac6fc394aaddbcef5860b9eca6224d96382"
  integrity sha512-ClV1lvJ3laU9la1CUzaDugEcwnpjPTuJ0yGy2YtcU+gG/w9HMInD5vEv7xKAz53Bk4WiJm5uLOElSEshHyhKNw==
  dependencies:
    "@babel/runtime" "^7.3.1"
    jss "10.1.1"

jss-plugin-vendor-prefixer@^10.0.3:
  version "10.1.1"
  resolved "https://registry.yarnpkg.com/jss-plugin-vendor-prefixer/-/jss-plugin-vendor-prefixer-10.1.1.tgz#8348b20749f790beebab3b6a8f7075b07c2cfcfd"
  integrity sha512-09MZpQ6onQrhaVSF6GHC4iYifQ7+4YC/tAP6D4ZWeZotvCMq1mHLqNKRIaqQ2lkgANjlEot2JnVi1ktu4+L4pw==
  dependencies:
    "@babel/runtime" "^7.3.1"
    css-vendor "^2.0.7"
    jss "10.1.1"

jss@10.1.1, jss@^10.0.3:
  version "10.1.1"
  resolved "https://registry.yarnpkg.com/jss/-/jss-10.1.1.tgz#450b27d53761af3e500b43130a54cdbe157ea332"
  integrity sha512-Xz3qgRUFlxbWk1czCZibUJqhVPObrZHxY3FPsjCXhDld4NOj1BgM14Ir5hVm+Qr6OLqVljjGvoMcCdXNOAbdkQ==
  dependencies:
    "@babel/runtime" "^7.3.1"
    csstype "^2.6.5"
    is-in-browser "^1.1.3"
    tiny-warning "^1.0.2"

leaflet@^1.5.1:
  version "1.6.0"
  resolved "https://registry.yarnpkg.com/leaflet/-/leaflet-1.6.0.tgz#aecbb044b949ec29469eeb31c77a88e2f448f308"
  integrity sha512-CPkhyqWUKZKFJ6K8umN5/D2wrJ2+/8UIpXppY7QDnUZW5bZL5+SEI2J7GBpwh4LIupOKqbNSQXgqmrEJopHVNQ==

loader-utils@^1.0.0:
  version "1.4.0"
  resolved "https://registry.yarnpkg.com/loader-utils/-/loader-utils-1.4.0.tgz#c579b5e34cb34b1a74edc6c1fb36bfa371d5a613"
  integrity sha512-qH0WSMBtn/oHuwjy/NucEgbx5dbxxnxup9s4PVXJUDHZBQY+s0NWA9rJf53RBnQZxfch7euUui7hpoAPvALZdA==
  dependencies:
    big.js "^5.2.2"
    emojis-list "^3.0.0"
    json5 "^1.0.1"

lodash.once@^4.1.1:
  version "4.1.1"
  resolved "https://registry.yarnpkg.com/lodash.once/-/lodash.once-4.1.1.tgz#0dd3971213c7c56df880977d504c88fb471a97ac"
  integrity sha1-DdOXEhPHxW34gJd9UEyI+0cal6w=

lodash@^4.17.15:
  version "4.17.15"
  resolved "https://registry.yarnpkg.com/lodash/-/lodash-4.17.15.tgz#b447f6670a0455bbfeedd11392eff330ea097548"
  integrity sha512-8xOcRHvCjnocdS5cpwXQXVzmmh5e5+saE2QGoeQmbKmRS6J3VQppPOIt0MnmE+4xlZoumy0GPG0D0MVIQbNA1A==

loose-envify@^1.4.0:
  version "1.4.0"
  resolved "https://registry.yarnpkg.com/loose-envify/-/loose-envify-1.4.0.tgz#71ee51fa7be4caec1a63839f7e682d8132d30caf"
  integrity sha512-lyuxPGr/Wfhrlem2CL/UcnUc1zcqKAImBDzukY7Y5F/yQiNdko6+fRLevlw1HgMySw7f611UIY408EtxRSoK3Q==
  dependencies:
    js-tokens "^3.0.0 || ^4.0.0"

make-event-props@^1.1.0:
  version "1.2.0"
  resolved "https://registry.yarnpkg.com/make-event-props/-/make-event-props-1.2.0.tgz#96b87d88919533b8f8934b58b4c3d5679459a0cf"
  integrity sha512-BmWFkm/jZzVH9A0tEBdkjAARUz/eha+5IRyfOndeSMKRadkgR5DawoBHoRwLxkYmjJOI5bHkXKpaZocxj+dKgg==

merge-class-names@^1.1.1:
  version "1.3.0"
  resolved "https://registry.yarnpkg.com/merge-class-names/-/merge-class-names-1.3.0.tgz#c4cdc1a981a81dd9afc27aa4287e912a337c5dee"
  integrity sha512-k0Qaj36VBpKgdc8c188LEZvo6v/zzry/FUufwopWbMSp6/knfVFU/KIB55/hJjeIpg18IH2WskXJCRnM/1BrdQ==

minimist@^1.2.0:
  version "1.2.5"
  resolved "https://registry.yarnpkg.com/minimist/-/minimist-1.2.5.tgz#67d66014b66a6a8aaa0c083c5fd58df4e4e97602"
  integrity sha512-FM9nNUYrRBAELZQT3xeZQ7fmMOBg6nWNmJKTcgsJeaLstP/UODVpGsr5OhXhhXg6f+qtJ8uiZ+PUxkDWcgIXLw==

ms@2.0.0:
  version "2.0.0"
  resolved "https://registry.yarnpkg.com/ms/-/ms-2.0.0.tgz#5608aeadfc00be6c2901df5f9861788de0d597c8"
  integrity sha1-VgiurfwAvmwpAd9fmGF4jeDVl8g=

nanoid@^2.1.0:
  version "2.1.11"
  resolved "https://registry.yarnpkg.com/nanoid/-/nanoid-2.1.11.tgz#ec24b8a758d591561531b4176a01e3ab4f0f0280"
  integrity sha512-s/snB+WGm6uwi0WjsZdaVcuf3KJXlfGl2LcxgwkEwJF0D/BWzVWAZW/XY4bFaiR7s0Jk3FPvlnepg1H1b1UwlA==

node-ensure@^0.0.0:
  version "0.0.0"
  resolved "https://registry.yarnpkg.com/node-ensure/-/node-ensure-0.0.0.tgz#ecae764150de99861ec5c810fd5d096b183932a7"
  integrity sha1-7K52QVDemYYexcgQ/V0Jaxg5Mqc=

object-assign@^4.1.1:
  version "4.1.1"
  resolved "https://registry.yarnpkg.com/object-assign/-/object-assign-4.1.1.tgz#2109adc7965887cfc05cbbd442cac8bfbb360863"
  integrity sha1-IQmtx5ZYh8/AXLvUQsrIv7s2CGM=

pdfjs-dist@2.1.266:
  version "2.1.266"
  resolved "https://registry.yarnpkg.com/pdfjs-dist/-/pdfjs-dist-2.1.266.tgz#cded02268b389559e807f410d2a729db62160026"
  integrity sha512-Jy7o1wE3NezPxozexSbq4ltuLT0Z21ew/qrEiAEeUZzHxMHGk4DUV1D7RuCXg5vJDvHmjX1YssN+we9QfRRgXQ==
  dependencies:
    node-ensure "^0.0.0"
    worker-loader "^2.0.0"

popper.js@^1.14.1:
  version "1.16.1"
  resolved "https://registry.yarnpkg.com/popper.js/-/popper.js-1.16.1.tgz#2a223cb3dc7b6213d740e40372be40de43e65b1b"
  integrity sha512-Wb4p1J4zyFTbM+u6WuO4XstYx4Ky9Cewe4DWrel7B0w6VVICvPwdOpotjzcf6eD8TsckVnIMNONQyPIUFOUbCQ==

prop-types@^15.5.8, prop-types@^15.6.2, prop-types@^15.7.2:
  version "15.7.2"
  resolved "https://registry.yarnpkg.com/prop-types/-/prop-types-15.7.2.tgz#52c41e75b8c87e72b9d9360e0206b99dcbffa6c5"
  integrity sha512-8QQikdH7//R2vurIJSutZ1smHYTcLpRWEOlHnzcWHmBYrOGUysKwSsrC89BCiFj3CbrfJ/nXFdJepOVrY1GCHQ==
  dependencies:
    loose-envify "^1.4.0"
    object-assign "^4.1.1"
    react-is "^16.8.1"

punycode@^2.1.0:
  version "2.1.1"
  resolved "https://registry.yarnpkg.com/punycode/-/punycode-2.1.1.tgz#b58b010ac40c22c5657616c8d2c2c02c7bf479ec"
  integrity sha512-XRsRjdf+j5ml+y/6GKHPZbrF/8p2Yga0JPtdqTIY2Xe5ohJPD9saDJJLPvp9+NSBprVvevdXZybnj2cv8OEd0A==

react-content-loader@^5.0.1:
  version "5.0.2"
  resolved "https://registry.yarnpkg.com/react-content-loader/-/react-content-loader-5.0.2.tgz#f4d417ac2b3a913a4b5e406b8b36ff724bcfe15b"
  integrity sha512-d9+/FX640VXyO+9dBgMWaHD5IL0+tGsCAFBhYPGNziPx2abTMUBXL1+oIlenOTYlxuOWDcUcpmgjj4Ws+0xdhA==

react-fast-compare@^2.0.0:
  version "2.0.4"
  resolved "https://registry.yarnpkg.com/react-fast-compare/-/react-fast-compare-2.0.4.tgz#e84b4d455b0fec113e0402c329352715196f81f9"
  integrity sha512-suNP+J1VU1MWFKcyt7RtjiSWUjvidmQSlqu+eHslq+342xCbGTYmC0mEhPCOHxlW0CywylOC1u2DFAT+bv4dBw==

react-is@^16.7.0, react-is@^16.8.0, react-is@^16.8.1:
  version "16.13.1"
  resolved "https://registry.yarnpkg.com/react-is/-/react-is-16.13.1.tgz#789729a4dc36de2999dc156dd6c1d9c18cea56a4"
  integrity sha512-24e6ynE2H+OKt4kqsOvNd8kBpV65zoxbA4BVsEOB3ARVWQki/DHzaUoC5KuON/BiccDaCCTZBuOcfZs70kR8bQ==

react-pdf@^4.1.0:
  version "4.1.0"
  resolved "https://registry.yarnpkg.com/react-pdf/-/react-pdf-4.1.0.tgz#fcb874f28050fe9593c4e04652c7bff94bb1acf9"
  integrity sha512-SYwkWc+vRQHfrpDls3DOgn4G+wT0mYGJRor20e28GPRW8VB+6o8WqZ4QZxsl50z+dKM7UscXFnK/02eN3NXi2g==
  dependencies:
    "@babel/runtime" "^7.0.0"
    lodash.once "^4.1.1"
    make-event-props "^1.1.0"
    merge-class-names "^1.1.1"
    pdfjs-dist "2.1.266"
    prop-types "^15.6.2"

react-share@^4.0.0:
  version "4.1.0"
  resolved "https://registry.yarnpkg.com/react-share/-/react-share-4.1.0.tgz#45cbed5ddcbb24504143bcfc0e9b8a729ce274e0"
  integrity sha512-4/XqVBC+hreniU08zkzAkOGC3FPdJhcLzt1QCdybsZPd5ieUS++iChEEptvNoksiJ5NxbI2VRoDY9ovLAGl7GQ==
  dependencies:
    classnames "^2.2.5"
    jsonp "^0.2.1"

react-transition-group@^4.3.0:
  version "4.3.0"
  resolved "https://registry.yarnpkg.com/react-transition-group/-/react-transition-group-4.3.0.tgz#fea832e386cf8796c58b61874a3319704f5ce683"
  integrity sha512-1qRV1ZuVSdxPlPf4O8t7inxUGpdyO5zG9IoNfJxSO0ImU2A1YWkEQvFPuIPZmMLkg5hYs7vv5mMOyfgSkvAwvw==
  dependencies:
    "@babel/runtime" "^7.5.5"
    dom-helpers "^5.0.1"
    loose-envify "^1.4.0"
    prop-types "^15.6.2"

regenerator-runtime@^0.13.4:
  version "0.13.5"
  resolved "https://registry.yarnpkg.com/regenerator-runtime/-/regenerator-runtime-0.13.5.tgz#d878a1d094b4306d10b9096484b33ebd55e26697"
  integrity sha512-ZS5w8CpKFinUzOwW3c83oPeVXoNsrLsaCoLtJvAClH135j/R77RuymhiSErhm2lKcwSCIpmvIWSbDkIfAqKQlA==

schema-utils@^0.4.0:
  version "0.4.7"
  resolved "https://registry.yarnpkg.com/schema-utils/-/schema-utils-0.4.7.tgz#ba74f597d2be2ea880131746ee17d0a093c68187"
  integrity sha512-v/iwU6wvwGK8HbU9yi3/nhGzP0yGSuhQMzL6ySiec1FSrZZDkhm4noOSWzrNFo/jEc+SJY6jRTwuwbSXJPDUnQ==
  dependencies:
    ajv "^6.1.0"
    ajv-keywords "^3.1.0"

shortid@^2.2.15:
  version "2.2.15"
  resolved "https://registry.yarnpkg.com/shortid/-/shortid-2.2.15.tgz#2b902eaa93a69b11120373cd42a1f1fe4437c122"
  integrity sha512-5EaCy2mx2Jgc/Fdn9uuDuNIIfWBpzY4XIlhoqtXF6qsf+/+SGZ+FxDdX/ZsMZiWupIWNqAEmiNY4RC+LSmCeOw==
  dependencies:
    nanoid "^2.1.0"

symbol-observable@^1.0.2:
  version "1.2.0"
  resolved "https://registry.yarnpkg.com/symbol-observable/-/symbol-observable-1.2.0.tgz#c22688aed4eab3cdc2dfeacbb561660560a00804"
  integrity sha512-e900nM8RRtGhlV36KGEU9k65K3mPb1WV70OdjfxlG2EAuM1noi/E/BaW/uMhL7bPEssK8QV57vN3esixjUvcXQ==

tiny-warning@^1.0.2:
  version "1.0.3"
  resolved "https://registry.yarnpkg.com/tiny-warning/-/tiny-warning-1.0.3.tgz#94a30db453df4c643d0fd566060d60a875d84754"
  integrity sha512-lBN9zLN/oAf68o3zNXYrdCt1kP8WsiGW8Oo2ka41b2IM5JL/S1CTyX1rW0mb/zSuJun0ZUrDxx4sqvYS2FWzPA==

ts-invariant@^0.4.0, ts-invariant@^0.4.4:
  version "0.4.4"
  resolved "https://registry.yarnpkg.com/ts-invariant/-/ts-invariant-0.4.4.tgz#97a523518688f93aafad01b0e80eb803eb2abd86"
  integrity sha512-uEtWkFM/sdZvRNNDL3Ehu4WVpwaulhwQszV8mrtcdeE8nN00BV9mAmQ88RkrBhFgl9gMgvjJLAQcZbnPXI9mlA==
  dependencies:
    tslib "^1.9.3"

tslib@^1.10.0, tslib@^1.9.3:
  version "1.11.1"
  resolved "https://registry.yarnpkg.com/tslib/-/tslib-1.11.1.tgz#eb15d128827fbee2841549e171f45ed338ac7e35"
  integrity sha512-aZW88SY8kQbU7gpV19lN24LtXh/yD4ZZg6qieAJDDg+YBsJcSmLGK9QpnUjAKVG/xefmvJGd1WUmfpT/g6AJGA==

uri-js@^4.2.2:
  version "4.2.2"
  resolved "https://registry.yarnpkg.com/uri-js/-/uri-js-4.2.2.tgz#94c540e1ff772956e2299507c010aea6c8838eb0"
  integrity sha512-KY9Frmirql91X2Qgjry0Wd4Y+YTdrdZheS8TFwvkbLWf/G5KNJDCh6pKL5OZctEW4+0Baa5idK2ZQuELRwPznQ==
  dependencies:
    punycode "^2.1.0"

victory-area@^34.1.3:
  version "34.1.3"
  resolved "https://registry.yarnpkg.com/victory-area/-/victory-area-34.1.3.tgz#a49f874b508886ac28def7c653a316161e025cc2"
  integrity sha512-okxLiazZqA0S8on9g9VH319I7kl0jvYin7N8F+943Nh+wxo9mLMQ1KZC63M1wBMwuAn6pbisGDIFW+1Z48669A==
  dependencies:
    d3-shape "^1.2.0"
    lodash "^4.17.15"
    prop-types "^15.5.8"
    victory-core "^34.1.3"

victory-axis@^34.1.3:
  version "34.1.3"
  resolved "https://registry.yarnpkg.com/victory-axis/-/victory-axis-34.1.3.tgz#f873e1854d3b925b50132ce2de19427327a392f6"
  integrity sha512-SYb33+DPRs9A/qWzfoWwWaa7zYpiC3BSn6XPyFUpcDXtKmaoGUVvBFZ4XM+KUp4xattRpNaT1ZYuEFzTSMGafQ==
  dependencies:
    lodash "^4.17.15"
    prop-types "^15.5.8"
    victory-core "^34.1.3"

victory-bar@^34.1.3:
  version "34.1.3"
  resolved "https://registry.yarnpkg.com/victory-bar/-/victory-bar-34.1.3.tgz#dc9219a7381b4ba4ce4382dd69202e69277da9e4"
  integrity sha512-E7uJ7B6SbIhVfm4mRiT/dSBLW6XLXEswEkARdKlgmUN+ope1FRn7/Nw9xV4DIV7qv0leF9v/tOzTtqd9HpkScQ==
  dependencies:
    d3-shape "^1.2.0"
    lodash "^4.17.15"
    prop-types "^15.5.8"
    victory-core "^34.1.3"

victory-box-plot@^34.1.3:
  version "34.1.3"
  resolved "https://registry.yarnpkg.com/victory-box-plot/-/victory-box-plot-34.1.3.tgz#42d7ac28267711e79d4d9c4750fb8ccd63739e76"
  integrity sha512-Vu9teOX6fq/2M5dGgpBQ6T8L9CTNjg8FovtBdC1IXM5Vb1e3QGWch0YdKznel7iz5wXeGHETeFVkM8rcdZVlow==
  dependencies:
    d3-array "^1.2.0"
    lodash "^4.17.15"
    prop-types "^15.5.8"
    victory-core "^34.1.3"

victory-brush-container@^34.1.3:
  version "34.1.3"
  resolved "https://registry.yarnpkg.com/victory-brush-container/-/victory-brush-container-34.1.3.tgz#81c714fb0afdcc46a49ef77268621eac0764d643"
  integrity sha512-Aetee49fckVy0591VV70V2WJ+WQMUShyavI9JzcqDFjp0PiPS2vuR7mW3jbxtLTvUytjX3vHhYeQrZ04IW0o3Q==
  dependencies:
    lodash "^4.17.15"
    prop-types "^15.5.8"
    react-fast-compare "^2.0.0"
    victory-core "^34.1.3"

victory-brush-line@^34.1.3:
  version "34.1.3"
  resolved "https://registry.yarnpkg.com/victory-brush-line/-/victory-brush-line-34.1.3.tgz#cd8790b34175a18f1693d92a5f6841994cd4c534"
  integrity sha512-2PnqftcrTei6vXf108fNfib1uzteE+96JpLdpTjPf/O2oJRIpLq465F1iItrKdOrHiDvDJPKg4J2q2ZCEZIoWw==
  dependencies:
    lodash "^4.17.15"
    prop-types "^15.5.8"
    react-fast-compare "^2.0.0"
    victory-core "^34.1.3"

victory-candlestick@^34.1.3:
  version "34.1.3"
  resolved "https://registry.yarnpkg.com/victory-candlestick/-/victory-candlestick-34.1.3.tgz#ff9a9d1f730cc2f391d1ae5e7f24128776da2aed"
  integrity sha512-aBN6oSvzNvMvvupVIX1nkKyvVgtQVXigY2FlcZ3wH6ejzeQjtey8hl9XaPyBXE+5K0nLGCJqropEQJnwWW9ciA==
  dependencies:
    lodash "^4.17.15"
    prop-types "^15.5.8"
    victory-core "^34.1.3"

victory-chart@^34.1.3:
  version "34.1.3"
  resolved "https://registry.yarnpkg.com/victory-chart/-/victory-chart-34.1.3.tgz#1e57e7e7920487f03b36c56d37f2eb44841f5d3a"
  integrity sha512-RtOAggAege2OI8zmC5dVjWgAquu90MhbplaT+7oF/u+jTZvptInRVnj5IdBV7KrCAKQTomFK5VlE01BrihZjHg==
  dependencies:
    lodash "^4.17.15"
    prop-types "^15.5.8"
    react-fast-compare "^2.0.0"
    victory-axis "^34.1.3"
    victory-core "^34.1.3"
    victory-polar-axis "^34.1.3"
    victory-shared-events "^34.1.3"

victory-core@^34.1.3:
  version "34.1.3"
  resolved "https://registry.yarnpkg.com/victory-core/-/victory-core-34.1.3.tgz#c30bad3ce38a490a7342c3b4a71d410327ac10d0"
  integrity sha512-LvJ18WYk4C1tOeJ4ev2nT+Xjsw6MX0Ib1l473wDBPFznksxN3xQndiUC3xn3HAaeP6YVsiUGo6MeffwitENwOA==
  dependencies:
    d3-ease "^1.0.0"
    d3-interpolate "^1.1.1"
    d3-scale "^1.0.0"
    d3-shape "^1.2.0"
    d3-timer "^1.0.0"
    lodash "^4.17.15"
    prop-types "^15.5.8"
    react-fast-compare "^2.0.0"

victory-create-container@^34.1.3:
  version "34.1.3"
  resolved "https://registry.yarnpkg.com/victory-create-container/-/victory-create-container-34.1.3.tgz#8e3a5acc382d6dc5e1a5dae3866ba2afbdf5e7ee"
  integrity sha512-JOt3nsDGEUdbfbJx1Ol+WGWj/CaqvUqHuXNNEPzBoXnaabodICCMw0pL0VLsDDd5wVnEf+SR5FfJ8QDDP328ew==
  dependencies:
    lodash "^4.17.15"
    victory-brush-container "^34.1.3"
    victory-core "^34.1.3"
    victory-cursor-container "^34.1.3"
    victory-selection-container "^34.1.3"
    victory-voronoi-container "^34.1.3"
    victory-zoom-container "^34.1.3"

victory-cursor-container@^34.1.3:
  version "34.1.3"
  resolved "https://registry.yarnpkg.com/victory-cursor-container/-/victory-cursor-container-34.1.3.tgz#514dc5e0c145a8045c3dde899dc6a595f40d5ceb"
  integrity sha512-E360qPHaay5pfv+/0UbCUvXX9x0gQVbz+87QDC/GKG2ETgr9uLDDRumO5mx/KnuDgQE+phF1qcPeeflLSatndw==
  dependencies:
    lodash "^4.17.15"
    prop-types "^15.5.8"
    victory-core "^34.1.3"

victory-errorbar@^34.1.3:
  version "34.1.3"
  resolved "https://registry.yarnpkg.com/victory-errorbar/-/victory-errorbar-34.1.3.tgz#64eceb4b0202b9451b752556ee237e4c601d1f07"
  integrity sha512-n+/LJadMitD4To1Ud3A9nrxwDi470f5LUW5a9dYL+Gu0Hcip+d4VzyIvBM9pIJ0uKJRffMifWPN2UNl1mgBeGw==
  dependencies:
    lodash "^4.17.15"
    prop-types "^15.5.8"
    victory-core "^34.1.3"

victory-group@^34.1.3:
  version "34.1.3"
  resolved "https://registry.yarnpkg.com/victory-group/-/victory-group-34.1.3.tgz#d5974dca784d91a5ef7d4cacec6b3418e2b72287"
  integrity sha512-FkjbtU3yr4U0FGxogaoCKohqJrMp6HZpAZJZaFzlgQiM6TdhKKf08TbOcaAvzXfpl8jEldBRvWkFat7OWTO6kA==
  dependencies:
    lodash "^4.17.15"
    prop-types "^15.5.8"
    react-fast-compare "^2.0.0"
    victory-core "^34.1.3"
    victory-shared-events "^34.1.3"

victory-legend@^34.1.3:
  version "34.1.3"
  resolved "https://registry.yarnpkg.com/victory-legend/-/victory-legend-34.1.3.tgz#456d1d95bdcc78832c0ca2612fd3a7a379079926"
  integrity sha512-vVgkkd36znQ86p9UMq3ZFNyTZADQIfX3xKCfqiaoWQIgSW7yuqbAzKRyCTWrDGFGqw1O1008wy3oeVDojavEZA==
  dependencies:
    lodash "^4.17.15"
    prop-types "^15.5.8"
    victory-core "^34.1.3"

victory-line@^34.1.3:
  version "34.1.3"
  resolved "https://registry.yarnpkg.com/victory-line/-/victory-line-34.1.3.tgz#1e056e63099599c568a1aaf72eb51e062e4d7f25"
  integrity sha512-vlEAs29rRcOSQosir9rcgXu9NoZv7vL/dV9ZODK0hF0OGP8Oo4h7mTagGz/yCz4jwfI9ZjhcizE2SgiQBxU3Gg==
  dependencies:
    d3-shape "^1.2.0"
    lodash "^4.17.15"
    prop-types "^15.5.8"
    victory-core "^34.1.3"

victory-pie@^34.1.3:
  version "34.1.3"
  resolved "https://registry.yarnpkg.com/victory-pie/-/victory-pie-34.1.3.tgz#c36100c6f534abd1ed8755ceab7d44a150605f5d"
  integrity sha512-4D6idv+irOlu5spAqCKzg3qePbALvEudOH+dH/lhPly/FRz/jKfwlccHec7PQ5D0EEtdFPtO+zjw7XyESAdqkQ==
  dependencies:
    d3-shape "^1.0.0"
    lodash "^4.17.15"
    prop-types "^15.5.8"
    victory-core "^34.1.3"

victory-polar-axis@^34.1.3:
  version "34.1.3"
  resolved "https://registry.yarnpkg.com/victory-polar-axis/-/victory-polar-axis-34.1.3.tgz#a63e263740f60e48a5202c5f76e655f4a346d1a8"
  integrity sha512-G4WCvkSi5s7LgQvwUEiFNpEmvzDhQkDzxmVnamOZfYXNk7WDRnwTJoOoQhNyqMP6GcCBNfMXtVt8nCEE2jqSlA==
  dependencies:
    lodash "^4.17.15"
    prop-types "^15.5.8"
    victory-core "^34.1.3"

victory-scatter@^34.1.3:
  version "34.1.3"
  resolved "https://registry.yarnpkg.com/victory-scatter/-/victory-scatter-34.1.3.tgz#a5050d714ecf56d8b4c275b72108c2f122aa9a11"
  integrity sha512-cLVbkNYwpMo/xAxMtISnyap6w+vTTjPg9kqp2iiZc4xpmRFVRnnJyHemmnJ4lxOaOW5glaBKTu9R00Mw4ossow==
  dependencies:
    lodash "^4.17.15"
    prop-types "^15.5.8"
    victory-core "^34.1.3"

victory-selection-container@^34.1.3:
  version "34.1.3"
  resolved "https://registry.yarnpkg.com/victory-selection-container/-/victory-selection-container-34.1.3.tgz#4b888e02f539518e458364bd1829ca34b4d21940"
  integrity sha512-cwRqzKbD2LdVgpHtlOt7ywnN0lXcbZvhez6VGYTw185jkOos1cwo00rYXpuLlza16gcFcaaCesLEHt+ZRuJ9nQ==
  dependencies:
    lodash "^4.17.15"
    prop-types "^15.5.8"
    victory-core "^34.1.3"

victory-shared-events@^34.1.3:
  version "34.1.3"
  resolved "https://registry.yarnpkg.com/victory-shared-events/-/victory-shared-events-34.1.3.tgz#7380c51ec5b065eba41271530e13675da1446f63"
  integrity sha512-GvABIT6frCdpqSjNg7lMgmVItD2fRviwFPUi4/2QQPysfu9GFMMFL3NenNYh4ezeowGIAdEQgiGh4Q3NCXfGIg==
  dependencies:
    lodash "^4.17.15"
    prop-types "^15.5.8"
    react-fast-compare "^2.0.0"
    victory-core "^34.1.3"

victory-stack@^34.1.3:
  version "34.1.3"
  resolved "https://registry.yarnpkg.com/victory-stack/-/victory-stack-34.1.3.tgz#03038b3bd9c6ef44c4e786d6aa8bcdd650a16e57"
  integrity sha512-pU5bAmu5dwJZjZpbhUcnKzXyO9RNn5tDXj8Cu3+SfBsiXoxn09OuFhHDl9x0uBkyNhnubKuv5I2ZQviceqq95Q==
  dependencies:
    lodash "^4.17.15"
    prop-types "^15.5.8"
    react-fast-compare "^2.0.0"
    victory-core "^34.1.3"
    victory-shared-events "^34.1.3"

victory-tooltip@^34.1.3:
  version "34.1.3"
  resolved "https://registry.yarnpkg.com/victory-tooltip/-/victory-tooltip-34.1.3.tgz#9d67655062331aca2b46d182b0af1d3105c17673"
  integrity sha512-Hk8YNiXnpz+LYBlmS19Rn+W1hbb++atYAAx6nWeMHHOND3hsvKDnejeImXqaMQvrP8uRcoq2J9eFGwQs0ifvYw==
  dependencies:
    lodash "^4.17.15"
    prop-types "^15.5.8"
    victory-core "^34.1.3"

victory-voronoi-container@^34.1.3:
  version "34.1.3"
  resolved "https://registry.yarnpkg.com/victory-voronoi-container/-/victory-voronoi-container-34.1.3.tgz#951de0f4caf8b5e54589cd965659ecd7ec4868c0"
  integrity sha512-Em9B36MUYBxoTHIehAznp5sfgEetqPGUjm5kIuXBl81hnp/gbASYOotszcbwMYPgSwouvmRNPphodcRMQxj23A==
  dependencies:
    delaunay-find "0.0.5"
    lodash "^4.17.15"
    prop-types "^15.5.8"
    react-fast-compare "^2.0.0"
    victory-core "^34.1.3"
    victory-tooltip "^34.1.3"

victory-voronoi@^34.1.3:
  version "34.1.3"
  resolved "https://registry.yarnpkg.com/victory-voronoi/-/victory-voronoi-34.1.3.tgz#7d708550101fa2beff9e62448fcd6428bed06df4"
  integrity sha512-Hbj9u4DLTUYqdRoPBeivqLX2YlCJhKKpaidftm3XxAuQp80c6FOaN16STcQv1Ffb3PDiylm2GRXu5lUa9BQvMw==
  dependencies:
    d3-voronoi "^1.1.2"
    lodash "^4.17.15"
    prop-types "^15.5.8"
    victory-core "^34.1.3"

victory-zoom-container@^34.1.3:
  version "34.1.3"
  resolved "https://registry.yarnpkg.com/victory-zoom-container/-/victory-zoom-container-34.1.3.tgz#0a3776fd8cdc6175e732e29a4d740f855833112f"
  integrity sha512-htJydoxGU+f/hvj0F6xp2tcd1FhWWxSKrjkqa0nM4YK68r7c+1fSpmI940AaUhGAET3j8VEICTvS2JixU6oGPw==
  dependencies:
    lodash "^4.17.15"
    prop-types "^15.5.8"
    victory-core "^34.1.3"

victory@^34.1.1:
  version "34.1.3"
  resolved "https://registry.yarnpkg.com/victory/-/victory-34.1.3.tgz#dbffd02ff4ba68976e554249d7da4f40ce0ff11d"
  integrity sha512-cR/l05bPD6KBx0lZS3SemXKxftkIXXVZSRLaIuZc2HDVanNaf+N0c3e2N9f9z+NPM+2HTVrg2wXT94NGSnDSZg==
  dependencies:
    victory-area "^34.1.3"
    victory-axis "^34.1.3"
    victory-bar "^34.1.3"
    victory-box-plot "^34.1.3"
    victory-brush-container "^34.1.3"
    victory-brush-line "^34.1.3"
    victory-candlestick "^34.1.3"
    victory-chart "^34.1.3"
    victory-core "^34.1.3"
    victory-create-container "^34.1.3"
    victory-cursor-container "^34.1.3"
    victory-errorbar "^34.1.3"
    victory-group "^34.1.3"
    victory-legend "^34.1.3"
    victory-line "^34.1.3"
    victory-pie "^34.1.3"
    victory-polar-axis "^34.1.3"
    victory-scatter "^34.1.3"
    victory-selection-container "^34.1.3"
    victory-shared-events "^34.1.3"
    victory-stack "^34.1.3"
    victory-tooltip "^34.1.3"
    victory-voronoi "^34.1.3"
    victory-voronoi-container "^34.1.3"
    victory-zoom-container "^34.1.3"

worker-loader@^2.0.0:
  version "2.0.0"
  resolved "https://registry.yarnpkg.com/worker-loader/-/worker-loader-2.0.0.tgz#45fda3ef76aca815771a89107399ee4119b430ac"
  integrity sha512-tnvNp4K3KQOpfRnD20m8xltE3eWh89Ye+5oj7wXEEHKac1P4oZ6p9oTj8/8ExqoSBnk9nu5Pr4nKfQ1hn2APJw==
  dependencies:
    loader-utils "^1.0.0"
    schema-utils "^0.4.0"

zen-observable-ts@^0.8.20:
  version "0.8.20"
  resolved "https://registry.yarnpkg.com/zen-observable-ts/-/zen-observable-ts-0.8.20.tgz#44091e335d3fcbc97f6497e63e7f57d5b516b163"
  integrity sha512-2rkjiPALhOtRaDX6pWyNqK1fnP5KkJJybYebopNSn6wDG1lxBoFs2+nwwXKoA6glHIrtwrfBBy6da0stkKtTAA==
  dependencies:
    tslib "^1.9.3"
    zen-observable "^0.8.0"

zen-observable@^0.8.0:
  version "0.8.15"
  resolved "https://registry.yarnpkg.com/zen-observable/-/zen-observable-0.8.15.tgz#96415c512d8e3ffd920afd3889604e30b9eaac15"
  integrity sha512-PQ2PC7R9rslx84ndNBZB/Dkv8V8fZEpk83RLgXtYd0fwUgEjseMn1Dgajh2x6S8QbZAFa9p2qVCEuYZNgve0dQ==
