# THIS IS AN AUTOGENERATED FILE. DO NOT EDIT THIS FILE DIRECTLY.
# yarn lockfile v1


"@babel/runtime@^7.3.1", "@babel/runtime@^7.4.4", "@babel/runtime@^7.5.5", "@babel/runtime@^7.6.2", "@babel/runtime@^7.6.3":
  version "7.8.4"
  resolved "https://registry.yarnpkg.com/@babel/runtime/-/runtime-7.8.4.tgz#d79f5a2040f7caa24d53e563aad49cbc05581308"
  integrity sha512-neAp3zt80trRVBI1x0azq6c57aNBqYZH8KhMm3TaB7wEI5Q4A2SHfBHE8w9gOhI/lrqxtEbXZgQIrHP+wvSGwQ==
  dependencies:
    regenerator-runtime "^0.13.2"

"@bundled-es-modules/pdfjs-dist@^2.2.228-alpha1":
  version "2.2.228-alpha1"
  resolved "https://registry.yarnpkg.com/@bundled-es-modules/pdfjs-dist/-/pdfjs-dist-2.2.228-alpha1.tgz#7b86d623973c3ba0bd688f9650b10f79ab8e69d2"
  integrity sha512-fXr94eQWCFcG31nGBP7nI5+Oa/BJWCwItB4wGVkXuS1qhFyo486y0jZ+XSUJYpo0A15FJ5c/fmewLWDq9IorAA==

"@hurumap-ui@^0.2.4":
  version "0.2.4"
  resolved "https://registry.yarnpkg.com/@hurumap-ui/-/hurumap-ui-0.2.4.tgz#3afb4663a1c02c0453183366a0d3c231fc5bd2c1"
  integrity sha512-PTZfr0/lyqK5Tz3nS5yZMz8mQuWqD6lrkHnkB8kIc05vS4bTJfb8VwYyb1t0doQN/rdplytSZfU0Gd8EGogP8w==
  dependencies:
    "@material-ui/core" "^4.5.1"
    "@material-ui/icons" "^4.5.1"
    "@mikecousins/react-pdf" "^5.5.1"
    "@types/react" "^16.9.11"
    apollo-client "^2.6.8"
    apollo-utilities "^1.3.3"
    dequal "^1.0.0"
    dom-to-image "^2.6.0"
    geojson "^0.5.0"
    leaflet "^1.5.1"
    lodash "^4.17.14"
    prop-types "^15.7.2"
    react-content-loader "^5.0.1"
    react-share "^4.0.0"
    shortid "^2.2.15"
    victory "^34.1.1"

"@emotion/hash@^0.7.4":
  version "0.7.4"
  resolved "https://registry.yarnpkg.com/@emotion/hash/-/hash-0.7.4.tgz#f14932887422c9056b15a8d222a9074a7dfa2831"
  integrity sha512-fxfMSBMX3tlIbKUdtGKxqB1fyrH6gVrX39Gsv3y8lRYKUqlgDt3UMqQyGnR1bQMa2B8aGnhLZokZgg8vT0Le+A==

"@material-ui/core@^4.5.1":
  version "4.9.4"
  resolved "https://registry.yarnpkg.com/@material-ui/core/-/core-4.9.4.tgz#796515b12845dc6ea7e21872888cfc4c0c1c1efe"
  integrity sha512-1wqm3jBC8mGpVHu0wVOYBX7LUzkPsWxkkTtKSn0Hz66T6TDJkke72mkSIL7akNdjnxy+bRc2Vi6NiJ4YutkDcw==
  dependencies:
    "@babel/runtime" "^7.4.4"
    "@material-ui/styles" "^4.9.0"
    "@material-ui/system" "^4.9.3"
    "@material-ui/types" "^5.0.0"
    "@material-ui/utils" "^4.7.1"
    "@types/react-transition-group" "^4.2.0"
    clsx "^1.0.2"
    hoist-non-react-statics "^3.3.2"
    popper.js "^1.14.1"
    prop-types "^15.7.2"
    react-is "^16.8.0"
    react-transition-group "^4.3.0"

"@material-ui/icons@^4.5.1":
  version "4.9.1"
  resolved "https://registry.yarnpkg.com/@material-ui/icons/-/icons-4.9.1.tgz#fdeadf8cb3d89208945b33dbc50c7c616d0bd665"
  integrity sha512-GBitL3oBWO0hzBhvA9KxqcowRUsA0qzwKkURyC8nppnC3fw54KPKZ+d4V1Eeg/UnDRSzDaI9nGCdel/eh9AQMg==
  dependencies:
    "@babel/runtime" "^7.4.4"

"@material-ui/styles@^4.9.0":
  version "4.9.0"
  resolved "https://registry.yarnpkg.com/@material-ui/styles/-/styles-4.9.0.tgz#10c31859f6868cfa9d3adf6b6c3e32c9d676bc76"
  integrity sha512-nJHum4RqYBPWsjL/9JET8Z02FZ9gSizlg/7LWVFpIthNzpK6OQ5OSRR4T4x9/p+wK3t1qNn3b1uI4XpnZaPxOA==
  dependencies:
    "@babel/runtime" "^7.4.4"
    "@emotion/hash" "^0.7.4"
    "@material-ui/types" "^5.0.0"
    "@material-ui/utils" "^4.7.1"
    clsx "^1.0.2"
    csstype "^2.5.2"
    hoist-non-react-statics "^3.2.1"
    jss "^10.0.3"
    jss-plugin-camel-case "^10.0.3"
    jss-plugin-default-unit "^10.0.3"
    jss-plugin-global "^10.0.3"
    jss-plugin-nested "^10.0.3"
    jss-plugin-props-sort "^10.0.3"
    jss-plugin-rule-value-function "^10.0.3"
    jss-plugin-vendor-prefixer "^10.0.3"
    prop-types "^15.7.2"

"@material-ui/system@^4.9.3":
  version "4.9.3"
  resolved "https://registry.yarnpkg.com/@material-ui/system/-/system-4.9.3.tgz#ee48990d7941237fdaf21b7b399981d614bb0875"
  integrity sha512-DBGsTKYrLlFpHG8BUp0X6ZpvaOzef+GhSwn/8DwVTXUdHitphaPQoL9xucrI8X9MTBo//El+7nylko7lo7eJIw==
  dependencies:
    "@babel/runtime" "^7.4.4"
    "@material-ui/utils" "^4.7.1"
    prop-types "^15.7.2"

"@material-ui/types@^5.0.0":
  version "5.0.0"
  resolved "https://registry.yarnpkg.com/@material-ui/types/-/types-5.0.0.tgz#26d6259dc6b39f4c2e1e9aceff7a11e031941741"
  integrity sha512-UeH2BuKkwDndtMSS0qgx1kCzSMw+ydtj0xx/XbFtxNSTlXydKwzs5gVW5ZKsFlAkwoOOQ9TIsyoCC8hq18tOwg==

"@material-ui/utils@^4.7.1":
  version "4.7.1"
  resolved "https://registry.yarnpkg.com/@material-ui/utils/-/utils-4.7.1.tgz#dc16c7f0d2cd02fbcdd5cfe601fd6863ae3cc652"
  integrity sha512-+ux0SlLdlehvzCk2zdQ3KiS3/ylWvuo/JwAGhvb8dFVvwR21K28z0PU9OQW2PGogrMEdvX3miEI5tGxTwwWiwQ==
  dependencies:
    "@babel/runtime" "^7.4.4"
    prop-types "^15.7.2"
    react-is "^16.8.0"

"@mikecousins/react-pdf@^5.5.1":
  version "5.5.1"
  resolved "https://registry.yarnpkg.com/@mikecousins/react-pdf/-/react-pdf-5.5.1.tgz#80ce071d54872b9f4b1888d78932b92a8f6bc91b"
  integrity sha512-QnR2FdSjNUCl6LaUbajff7OJhj93xCIpdf5h+fBDyx5iahM74jVh0XVG4YOu+ml6rRS/7OE4NOcbVDBBVPzrtg==
  dependencies:
    "@bundled-es-modules/pdfjs-dist" "^2.2.228-alpha1"

"@types/prop-types@*":
  version "15.7.3"
  resolved "https://registry.yarnpkg.com/@types/prop-types/-/prop-types-15.7.3.tgz#2ab0d5da2e5815f94b0b9d4b95d1e5f243ab2ca7"
  integrity sha512-KfRL3PuHmqQLOG+2tGpRO26Ctg+Cq1E01D2DMriKEATHgWLfeNDmq9e29Q9WIky0dQ3NPkd1mzYH8Lm936Z9qw==

"@types/react-transition-group@^4.2.0":
  version "4.2.4"
  resolved "https://registry.yarnpkg.com/@types/react-transition-group/-/react-transition-group-4.2.4.tgz#c7416225987ccdb719262766c1483da8f826838d"
  integrity sha512-8DMUaDqh0S70TjkqU0DxOu80tFUiiaS9rxkWip/nb7gtvAsbqOXm02UCmR8zdcjWujgeYPiPNTVpVpKzUDotwA==
  dependencies:
    "@types/react" "*"

"@types/react@*", "@types/react@^16.9.11":
  version "16.9.23"
  resolved "https://registry.yarnpkg.com/@types/react/-/react-16.9.23.tgz#1a66c6d468ba11a8943ad958a8cb3e737568271c"
  integrity sha512-SsGVT4E7L2wLN3tPYLiF20hmZTPGuzaayVunfgXzUn1x4uHVsKH6QDJQ/TdpHqwsTLd4CwrmQ2vOgxN7gE24gw==
  dependencies:
    "@types/prop-types" "*"
    csstype "^2.2.0"

"@types/zen-observable@^0.8.0":
  version "0.8.0"
  resolved "https://registry.yarnpkg.com/@types/zen-observable/-/zen-observable-0.8.0.tgz#8b63ab7f1aa5321248aad5ac890a485656dcea4d"
  integrity sha512-te5lMAWii1uEJ4FwLjzdlbw3+n0FZNOvFXHxQDKeT0dilh7HOzdMzV2TrJVUzq8ep7J4Na8OUYPRLSQkJHAlrg==

"@wry/equality@^0.1.2":
  version "0.1.9"
  resolved "https://registry.yarnpkg.com/@wry/equality/-/equality-0.1.9.tgz#b13e18b7a8053c6858aa6c85b54911fb31e3a909"
  integrity sha512-mB6ceGjpMGz1ZTza8HYnrPGos2mC6So4NhS1PtZ8s4Qt0K7fBiIGhpSxUbQmhwcSWE3no+bYxmI2OL6KuXYmoQ==
  dependencies:
    tslib "^1.9.3"

apollo-cache@1.3.4:
  version "1.3.4"
  resolved "https://registry.yarnpkg.com/apollo-cache/-/apollo-cache-1.3.4.tgz#0c9f63c793e1cd6e34c450f7668e77aff58c9a42"
  integrity sha512-7X5aGbqaOWYG+SSkCzJNHTz2ZKDcyRwtmvW4mGVLRqdQs+HxfXS4dUS2CcwrAj449se6tZ6NLUMnjko4KMt3KA==
  dependencies:
    apollo-utilities "^1.3.3"
    tslib "^1.10.0"

apollo-client@^2.6.8:
  version "2.6.8"
  resolved "https://registry.yarnpkg.com/apollo-client/-/apollo-client-2.6.8.tgz#01cebc18692abf90c6b3806414e081696b0fa537"
  integrity sha512-0zvJtAcONiozpa5z5zgou83iEKkBaXhhSSXJebFHRXs100SecDojyUWKjwTtBPn9HbM6o5xrvC5mo9VQ5fgAjw==
  dependencies:
    "@types/zen-observable" "^0.8.0"
    apollo-cache "1.3.4"
    apollo-link "^1.0.0"
    apollo-utilities "1.3.3"
    symbol-observable "^1.0.2"
    ts-invariant "^0.4.0"
    tslib "^1.10.0"
    zen-observable "^0.8.0"

apollo-link@^1.0.0:
  version "1.2.13"
  resolved "https://registry.yarnpkg.com/apollo-link/-/apollo-link-1.2.13.tgz#dff00fbf19dfcd90fddbc14b6a3f9a771acac6c4"
  integrity sha512-+iBMcYeevMm1JpYgwDEIDt/y0BB7VWyvlm/7x+TIPNLHCTCMgcEgDuW5kH86iQZWo0I7mNwQiTOz+/3ShPFmBw==
  dependencies:
    apollo-utilities "^1.3.0"
    ts-invariant "^0.4.0"
    tslib "^1.9.3"
    zen-observable-ts "^0.8.20"

apollo-utilities@1.3.3, apollo-utilities@^1.3.0, apollo-utilities@^1.3.3:
  version "1.3.3"
  resolved "https://registry.yarnpkg.com/apollo-utilities/-/apollo-utilities-1.3.3.tgz#f1854715a7be80cd810bc3ac95df085815c0787c"
  integrity sha512-F14aX2R/fKNYMvhuP2t9GD9fggID7zp5I96MF5QeKYWDWTrkRdHRp4+SVfXUVN+cXOaB/IebfvRtzPf25CM0zw==
  dependencies:
    "@wry/equality" "^0.1.2"
    fast-json-stable-stringify "^2.0.0"
    ts-invariant "^0.4.0"
    tslib "^1.10.0"

classnames@^2.2.5:
  version "2.2.6"
  resolved "https://registry.yarnpkg.com/classnames/-/classnames-2.2.6.tgz#43935bffdd291f326dad0a205309b38d00f650ce"
  integrity sha512-JR/iSQOSt+LQIWwrwEzJ9uk0xfN3mTVYMwt1Ir5mUcSN6pU+V4zQFFaJsclJbPuAUQH+yfWef6tm7l1quW3C8Q==

clsx@^1.0.2:
  version "1.1.0"
  resolved "https://registry.yarnpkg.com/clsx/-/clsx-1.1.0.tgz#62937c6adfea771247c34b54d320fb99624f5702"
  integrity sha512-3avwM37fSK5oP6M5rQ9CNe99lwxhXDOeSWVPAOYF6OazUTgZCMb0yWlJpmdD74REy1gkEaFiub2ULv4fq9GUhA==

css-vendor@^2.0.7:
  version "2.0.7"
  resolved "https://registry.yarnpkg.com/css-vendor/-/css-vendor-2.0.7.tgz#4e6d53d953c187981576d6a542acc9fb57174bda"
  integrity sha512-VS9Rjt79+p7M0WkPqcAza4Yq1ZHrsHrwf7hPL/bjQB+c1lwmAI+1FXxYTYt818D/50fFVflw0XKleiBN5RITkg==
  dependencies:
    "@babel/runtime" "^7.6.2"
    is-in-browser "^1.0.2"

csstype@^2.2.0, csstype@^2.5.2, csstype@^2.6.5, csstype@^2.6.7:
  version "2.6.9"
  resolved "https://registry.yarnpkg.com/csstype/-/csstype-2.6.9.tgz#05141d0cd557a56b8891394c1911c40c8a98d098"
  integrity sha512-xz39Sb4+OaTsULgUERcCk+TJj8ylkL4aSVDQiX/ksxbELSqwkgt4d4RD7fovIdgJGSuNYqwZEiVjYY5l0ask+Q==

d3-array@^1.2.0:
  version "1.2.4"
  resolved "https://registry.yarnpkg.com/d3-array/-/d3-array-1.2.4.tgz#635ce4d5eea759f6f605863dbcfc30edc737f71f"
  integrity sha512-KHW6M86R+FUPYGb3R5XiYjXPq7VzwxZ22buHhAEVG5ztoEcZZMLov530mmccaqA1GghZArjQV46fuc8kUqhhHw==

d3-collection@1:
  version "1.0.7"
  resolved "https://registry.yarnpkg.com/d3-collection/-/d3-collection-1.0.7.tgz#349bd2aa9977db071091c13144d5e4f16b5b310e"
  integrity sha512-ii0/r5f4sjKNTfh84Di+DpztYwqKhEyUlKoPrzUFfeSkWxjW49xU2QzO9qrPrNkpdI0XJkfzvmTu8V2Zylln6A==

d3-color@1:
  version "1.4.0"
  resolved "https://registry.yarnpkg.com/d3-color/-/d3-color-1.4.0.tgz#89c45a995ed773b13314f06460df26d60ba0ecaf"
  integrity sha512-TzNPeJy2+iEepfiL92LAAB7fvnp/dV2YwANPVHdDWmYMm23qIJBYww3qT8I8C1wXrmrg4UWs7BKc2tKIgyjzHg==

d3-ease@^1.0.0:
  version "1.0.6"
  resolved "https://registry.yarnpkg.com/d3-ease/-/d3-ease-1.0.6.tgz#ebdb6da22dfac0a22222f2d4da06f66c416a0ec0"
  integrity sha512-SZ/lVU7LRXafqp7XtIcBdxnWl8yyLpgOmzAk0mWBI9gXNzLDx5ybZgnRbH9dN/yY5tzVBqCQ9avltSnqVwessQ==

d3-format@1:
  version "1.4.3"
  resolved "https://registry.yarnpkg.com/d3-format/-/d3-format-1.4.3.tgz#4e8eb4dff3fdcb891a8489ec6e698601c41b96f1"
  integrity sha512-mm/nE2Y9HgGyjP+rKIekeITVgBtX97o1nrvHCWX8F/yBYyevUTvu9vb5pUnKwrcSw7o7GuwMOWjS9gFDs4O+uQ==

d3-interpolate@1, d3-interpolate@^1.1.1:
  version "1.4.0"
  resolved "https://registry.yarnpkg.com/d3-interpolate/-/d3-interpolate-1.4.0.tgz#526e79e2d80daa383f9e0c1c1c7dcc0f0583e987"
  integrity sha512-V9znK0zc3jOPV4VD2zZn0sDhZU3WAE2bmlxdIwwQPPzPjvyLkd8B3JUVdS1IDUFDkWZ72c9qnv1GK2ZagTZ8EA==
  dependencies:
    d3-color "1"

d3-path@1:
  version "1.0.9"
  resolved "https://registry.yarnpkg.com/d3-path/-/d3-path-1.0.9.tgz#48c050bb1fe8c262493a8caf5524e3e9591701cf"
  integrity sha512-VLaYcn81dtHVTjEHd8B+pbe9yHWpXKZUC87PzoFmsFrJqgFwDe/qxfp5MlfsfM1V5E/iVt0MmEbWQ7FVIXh/bg==

d3-scale@^1.0.0:
  version "1.0.7"
  resolved "https://registry.yarnpkg.com/d3-scale/-/d3-scale-1.0.7.tgz#fa90324b3ea8a776422bd0472afab0b252a0945d"
  integrity sha512-KvU92czp2/qse5tUfGms6Kjig0AhHOwkzXG0+PqIJB3ke0WUv088AHMZI0OssO9NCkXt4RP8yju9rpH8aGB7Lw==
  dependencies:
    d3-array "^1.2.0"
    d3-collection "1"
    d3-color "1"
    d3-format "1"
    d3-interpolate "1"
    d3-time "1"
    d3-time-format "2"

d3-shape@^1.0.0, d3-shape@^1.2.0:
  version "1.3.7"
  resolved "https://registry.yarnpkg.com/d3-shape/-/d3-shape-1.3.7.tgz#df63801be07bc986bc54f63789b4fe502992b5d7"
  integrity sha512-EUkvKjqPFUAZyOlhY5gzCxCeI0Aep04LwIRpsZ/mLFelJiUfnK56jo5JMDSE7yyP2kLSb6LtF+S5chMk7uqPqw==
  dependencies:
    d3-path "1"

d3-time-format@2:
  version "2.2.3"
  resolved "https://registry.yarnpkg.com/d3-time-format/-/d3-time-format-2.2.3.tgz#0c9a12ee28342b2037e5ea1cf0b9eb4dd75f29cb"
  integrity sha512-RAHNnD8+XvC4Zc4d2A56Uw0yJoM7bsvOlJR33bclxq399Rak/b9bhvu/InjxdWhPtkgU53JJcleJTGkNRnN6IA==
  dependencies:
    d3-time "1"

d3-time@1:
  version "1.1.0"
  resolved "https://registry.yarnpkg.com/d3-time/-/d3-time-1.1.0.tgz#b1e19d307dae9c900b7e5b25ffc5dcc249a8a0f1"
  integrity sha512-Xh0isrZ5rPYYdqhAVk8VLnMEidhz5aP7htAADH6MfzgmmicPkTo8LhkLxci61/lCB7n7UmE3bN0leRt+qvkLxA==

d3-timer@^1.0.0:
  version "1.0.10"
  resolved "https://registry.yarnpkg.com/d3-timer/-/d3-timer-1.0.10.tgz#dfe76b8a91748831b13b6d9c793ffbd508dd9de5"
  integrity sha512-B1JDm0XDaQC+uvo4DT79H0XmBskgS3l6Ve+1SBCfxgmtIb1AVrPIoqd+nPSv+loMX8szQ0sVUhGngL7D5QPiXw==

d3-voronoi@^1.1.2:
  version "1.1.4"
  resolved "https://registry.yarnpkg.com/d3-voronoi/-/d3-voronoi-1.1.4.tgz#dd3c78d7653d2bb359284ae478645d95944c8297"
  integrity sha512-dArJ32hchFsrQ8uMiTBLq256MpnZjeuBtdHpaDlYuQyjU0CVzCJl/BVW+SkszaAeH95D/8gxqAhgx0ouAWAfRg==

debug@^2.1.3:
  version "2.6.9"
  resolved "https://registry.yarnpkg.com/debug/-/debug-2.6.9.tgz#5d128515df134ff327e90a4c93f4e077a536341f"
  integrity sha512-bC7ElrdJaJnPbAP+1EotYvqZsb3ecl5wi6Bfi6BJTUcNowp6cvspg0jXznRTKDjm/E7AdgFBVeAPVMNcKGsHMA==
  dependencies:
    ms "2.0.0"

delaunator@^4.0.0:
  version "4.0.1"
  resolved "https://registry.yarnpkg.com/delaunator/-/delaunator-4.0.1.tgz#3d779687f57919a7a418f8ab947d3bddb6846957"
  integrity sha512-WNPWi1IRKZfCt/qIDMfERkDp93+iZEmOxN2yy4Jg+Xhv8SLk2UTqqbe1sfiipn0and9QrE914/ihdx82Y/Giag==

delaunay-find@0.0.5:
  version "0.0.5"
  resolved "https://registry.yarnpkg.com/delaunay-find/-/delaunay-find-0.0.5.tgz#5fb37e6509da934881b4b16c08898ac89862c097"
  integrity sha512-7yAJ/wmKWj3SgqjtkGqT/RCwI0HWAo5YnHMoF5nYXD8cdci+YSo23iPmgrZUNOpDxRWN91PqxUvMMr2lKpjr+w==
  dependencies:
    delaunator "^4.0.0"

dequal@^1.0.0:
  version "1.0.0"
  resolved "https://registry.yarnpkg.com/dequal/-/dequal-1.0.0.tgz#41c6065e70de738541c82cdbedea5292277a017e"
  integrity sha512-/Nd1EQbQbI9UbSHrMiKZjFLrXSnU328iQdZKPQf78XQI6C+gutkFUeoHpG5J08Ioa6HeRbRNFpSIclh1xyG0mw==

dom-helpers@^5.0.1:
  version "5.1.3"
  resolved "https://registry.yarnpkg.com/dom-helpers/-/dom-helpers-5.1.3.tgz#7233248eb3a2d1f74aafca31e52c5299cc8ce821"
  integrity sha512-nZD1OtwfWGRBWlpANxacBEZrEuLa16o1nh7YopFWeoF68Zt8GGEmzHu6Xv4F3XaFIC+YXtTLrzgqKxFgLEe4jw==
  dependencies:
    "@babel/runtime" "^7.6.3"
    csstype "^2.6.7"

dom-to-image@^2.6.0:
  version "2.6.0"
  resolved "https://registry.yarnpkg.com/dom-to-image/-/dom-to-image-2.6.0.tgz#8a503608088c87b1c22f9034ae032e1898955867"
  integrity sha1-ilA2CAiMh7HCL5A0rgMuGJiVWGc=

fast-json-stable-stringify@^2.0.0:
  version "2.1.0"
  resolved "https://registry.yarnpkg.com/fast-json-stable-stringify/-/fast-json-stable-stringify-2.1.0.tgz#874bf69c6f404c2b5d99c481341399fd55892633"
  integrity sha512-lhd/wF+Lk98HZoTCtlVraHtfh5XYijIjalXck7saUtuanSDyLMxnHhSXEDJqHxD7msR8D0uCmqlkwjCV8xvwHw==

geojson@^0.5.0:
  version "0.5.0"
  resolved "https://registry.yarnpkg.com/geojson/-/geojson-0.5.0.tgz#3cd6c96399be65b56ee55596116fe9191ce701c0"
  integrity sha1-PNbJY5m+ZbVu5VWWEW/pGRznAcA=

hoist-non-react-statics@^3.2.1, hoist-non-react-statics@^3.3.2:
  version "3.3.2"
  resolved "https://registry.yarnpkg.com/hoist-non-react-statics/-/hoist-non-react-statics-3.3.2.tgz#ece0acaf71d62c2969c2ec59feff42a4b1a85b45"
  integrity sha512-/gGivxi8JPKWNm/W0jSmzcMPpfpPLc3dY/6GxhX2hQ9iGj3aDfklV4ET7NjKpSinLpJ5vafa9iiGIEZg10SfBw==
  dependencies:
    react-is "^16.7.0"

hyphenate-style-name@^1.0.3:
  version "1.0.3"
  resolved "https://registry.yarnpkg.com/hyphenate-style-name/-/hyphenate-style-name-1.0.3.tgz#097bb7fa0b8f1a9cf0bd5c734cf95899981a9b48"
  integrity sha512-EcuixamT82oplpoJ2XU4pDtKGWQ7b00CD9f1ug9IaQ3p1bkHMiKCZ9ut9QDI6qsa6cpUuB+A/I+zLtdNK4n2DQ==

is-in-browser@^1.0.2, is-in-browser@^1.1.3:
  version "1.1.3"
  resolved "https://registry.yarnpkg.com/is-in-browser/-/is-in-browser-1.1.3.tgz#56ff4db683a078c6082eb95dad7dc62e1d04f835"
  integrity sha1-Vv9NtoOgeMYILrldrX3GLh0E+DU=

"js-tokens@^3.0.0 || ^4.0.0":
  version "4.0.0"
  resolved "https://registry.yarnpkg.com/js-tokens/-/js-tokens-4.0.0.tgz#19203fb59991df98e3a287050d4647cdeaf32499"
  integrity sha512-RdJUflcE3cUzKiMqQgsCu06FPu9UdIJO0beYbPhHN4k6apgJtifcoCtT9bcxOpYBtpD2kCM6Sbzg4CausW/PKQ==

jsonp@^0.2.1:
  version "0.2.1"
  resolved "https://registry.yarnpkg.com/jsonp/-/jsonp-0.2.1.tgz#a65b4fa0f10bda719a05441ea7b94c55f3e15bae"
  integrity sha1-pltPoPEL2nGaBUQep7lMVfPhW64=
  dependencies:
    debug "^2.1.3"

jss-plugin-camel-case@^10.0.3:
  version "10.0.4"
  resolved "https://registry.yarnpkg.com/jss-plugin-camel-case/-/jss-plugin-camel-case-10.0.4.tgz#3dedecec1e5bba0bf6141c2c05e2ab11ea4b468d"
  integrity sha512-+wnqxJsyfUnOn0LxVg3GgZBSjfBCrjxwx7LFxwVTUih0ceGaXKZoieheNOaTo5EM4w8bt1nbb8XonpQCj67C6A==
  dependencies:
    "@babel/runtime" "^7.3.1"
    hyphenate-style-name "^1.0.3"
    jss "10.0.4"

jss-plugin-default-unit@^10.0.3:
  version "10.0.4"
  resolved "https://registry.yarnpkg.com/jss-plugin-default-unit/-/jss-plugin-default-unit-10.0.4.tgz#df03885de20f20a1fc1c21bdb7c62e865ee400d9"
  integrity sha512-T0mhL/Ogp/quvod/jAHEqKvptLDxq7Cj3a+7zRuqK8HxUYkftptN89wJElZC3rshhNKiogkEYhCWenpJdFvTBg==
  dependencies:
    "@babel/runtime" "^7.3.1"
    jss "10.0.4"

jss-plugin-global@^10.0.3:
  version "10.0.4"
  resolved "https://registry.yarnpkg.com/jss-plugin-global/-/jss-plugin-global-10.0.4.tgz#412245b56133cc88bec654a70d82d5922619f4c5"
  integrity sha512-N8n9/GHENZce+sqE4UYiZiJtI+t+erT/BypHOrNYAfIoNEj7OYsOEKfIo2P0GpLB3QyDAYf5eo9XNdZ8veEkUA==
  dependencies:
    "@babel/runtime" "^7.3.1"
    jss "10.0.4"

jss-plugin-nested@^10.0.3:
  version "10.0.4"
  resolved "https://registry.yarnpkg.com/jss-plugin-nested/-/jss-plugin-nested-10.0.4.tgz#4d15ad13995fb6e4125618006473a096d2475d75"
  integrity sha512-QM21BKVt8LDeoRfowvAMh/s+/89VYrreIIE6ch4pvw0oAXDWw1iorUPlqLZ7uCO3UL0uFtQhJq3QMLN6Lr1v0A==
  dependencies:
    "@babel/runtime" "^7.3.1"
    jss "10.0.4"
    tiny-warning "^1.0.2"

jss-plugin-props-sort@^10.0.3:
  version "10.0.4"
  resolved "https://registry.yarnpkg.com/jss-plugin-props-sort/-/jss-plugin-props-sort-10.0.4.tgz#43c880ff8dfcf858f809f663ece5e65a1d945b5a"
  integrity sha512-WoETdOCjGskuin/OMt2uEdDPLZF3vfQuHXF+XUHGJrq0BAapoyGQDcv37SeReDlkRAbVXkEZPsIMvYrgHSHFiA==
  dependencies:
    "@babel/runtime" "^7.3.1"
    jss "10.0.4"

jss-plugin-rule-value-function@^10.0.3:
  version "10.0.4"
  resolved "https://registry.yarnpkg.com/jss-plugin-rule-value-function/-/jss-plugin-rule-value-function-10.0.4.tgz#2f4cf4a86ad3eba875bb48cb9f4a7ed35cb354e7"
  integrity sha512-0hrzOSWRF5ABJGaHrlnHbYZjU877Ofzfh2id3uLtBvemGQLHI+ldoL8/+6iPSRa7M8z8Ngfg2vfYhKjUA5gA0g==
  dependencies:
    "@babel/runtime" "^7.3.1"
    jss "10.0.4"

jss-plugin-vendor-prefixer@^10.0.3:
  version "10.0.4"
  resolved "https://registry.yarnpkg.com/jss-plugin-vendor-prefixer/-/jss-plugin-vendor-prefixer-10.0.4.tgz#1626ef612a4541cff17cf96815e1740155214ed2"
  integrity sha512-4JgEbcrdeMda1qvxTm1CnxFJAWVV++VLpP46HNTrfH7VhVlvUpihnUNs2gAlKuRT/XSBuiWeLAkrTqF4NVrPig==
  dependencies:
    "@babel/runtime" "^7.3.1"
    css-vendor "^2.0.7"
    jss "10.0.4"

jss@10.0.4, jss@^10.0.3:
  version "10.0.4"
  resolved "https://registry.yarnpkg.com/jss/-/jss-10.0.4.tgz#46ebdde1c40c9a079d64f3334cb88ae28fd90bfd"
  integrity sha512-GqHmeDK83qbqMAVjxyPfN1qJVTKZne533a9bdCrllZukUM8npG/k+JumEPI86IIB5ifaZAHG2HAsUziyxOiooQ==
  dependencies:
    "@babel/runtime" "^7.3.1"
    csstype "^2.6.5"
    is-in-browser "^1.1.3"
    tiny-warning "^1.0.2"

leaflet@^1.5.1:
  version "1.6.0"
  resolved "https://registry.yarnpkg.com/leaflet/-/leaflet-1.6.0.tgz#aecbb044b949ec29469eeb31c77a88e2f448f308"
  integrity sha512-CPkhyqWUKZKFJ6K8umN5/D2wrJ2+/8UIpXppY7QDnUZW5bZL5+SEI2J7GBpwh4LIupOKqbNSQXgqmrEJopHVNQ==

lodash@^4.17.14, lodash@^4.17.15:
  version "4.17.15"
  resolved "https://registry.yarnpkg.com/lodash/-/lodash-4.17.15.tgz#b447f6670a0455bbfeedd11392eff330ea097548"
  integrity sha512-8xOcRHvCjnocdS5cpwXQXVzmmh5e5+saE2QGoeQmbKmRS6J3VQppPOIt0MnmE+4xlZoumy0GPG0D0MVIQbNA1A==

loose-envify@^1.4.0:
  version "1.4.0"
  resolved "https://registry.yarnpkg.com/loose-envify/-/loose-envify-1.4.0.tgz#71ee51fa7be4caec1a63839f7e682d8132d30caf"
  integrity sha512-lyuxPGr/Wfhrlem2CL/UcnUc1zcqKAImBDzukY7Y5F/yQiNdko6+fRLevlw1HgMySw7f611UIY408EtxRSoK3Q==
  dependencies:
    js-tokens "^3.0.0 || ^4.0.0"

ms@2.0.0:
  version "2.0.0"
  resolved "https://registry.yarnpkg.com/ms/-/ms-2.0.0.tgz#5608aeadfc00be6c2901df5f9861788de0d597c8"
  integrity sha1-VgiurfwAvmwpAd9fmGF4jeDVl8g=

nanoid@^2.1.0:
  version "2.1.11"
  resolved "https://registry.yarnpkg.com/nanoid/-/nanoid-2.1.11.tgz#ec24b8a758d591561531b4176a01e3ab4f0f0280"
  integrity sha512-s/snB+WGm6uwi0WjsZdaVcuf3KJXlfGl2LcxgwkEwJF0D/BWzVWAZW/XY4bFaiR7s0Jk3FPvlnepg1H1b1UwlA==

object-assign@^4.1.1:
  version "4.1.1"
  resolved "https://registry.yarnpkg.com/object-assign/-/object-assign-4.1.1.tgz#2109adc7965887cfc05cbbd442cac8bfbb360863"
  integrity sha1-IQmtx5ZYh8/AXLvUQsrIv7s2CGM=

popper.js@^1.14.1:
  version "1.16.1"
  resolved "https://registry.yarnpkg.com/popper.js/-/popper.js-1.16.1.tgz#2a223cb3dc7b6213d740e40372be40de43e65b1b"
  integrity sha512-Wb4p1J4zyFTbM+u6WuO4XstYx4Ky9Cewe4DWrel7B0w6VVICvPwdOpotjzcf6eD8TsckVnIMNONQyPIUFOUbCQ==

prop-types@^15.5.8, prop-types@^15.6.2, prop-types@^15.7.2:
  version "15.7.2"
  resolved "https://registry.yarnpkg.com/prop-types/-/prop-types-15.7.2.tgz#52c41e75b8c87e72b9d9360e0206b99dcbffa6c5"
  integrity sha512-8QQikdH7//R2vurIJSutZ1smHYTcLpRWEOlHnzcWHmBYrOGUysKwSsrC89BCiFj3CbrfJ/nXFdJepOVrY1GCHQ==
  dependencies:
    loose-envify "^1.4.0"
    object-assign "^4.1.1"
    react-is "^16.8.1"

react-content-loader@^5.0.1:
  version "5.0.2"
  resolved "https://registry.yarnpkg.com/react-content-loader/-/react-content-loader-5.0.2.tgz#f4d417ac2b3a913a4b5e406b8b36ff724bcfe15b"
  integrity sha512-d9+/FX640VXyO+9dBgMWaHD5IL0+tGsCAFBhYPGNziPx2abTMUBXL1+oIlenOTYlxuOWDcUcpmgjj4Ws+0xdhA==

react-fast-compare@^2.0.0:
  version "2.0.4"
  resolved "https://registry.yarnpkg.com/react-fast-compare/-/react-fast-compare-2.0.4.tgz#e84b4d455b0fec113e0402c329352715196f81f9"
  integrity sha512-suNP+J1VU1MWFKcyt7RtjiSWUjvidmQSlqu+eHslq+342xCbGTYmC0mEhPCOHxlW0CywylOC1u2DFAT+bv4dBw==

react-is@^16.7.0, react-is@^16.8.0, react-is@^16.8.1:
  version "16.13.0"
  resolved "https://registry.yarnpkg.com/react-is/-/react-is-16.13.0.tgz#0f37c3613c34fe6b37cd7f763a0d6293ab15c527"
  integrity sha512-GFMtL0vHkiBv9HluwNZTggSn/sCyEt9n02aM0dSAjGGyqyNlAyftYm4phPxdvCigG15JreC5biwxCgTAJZ7yAA==

react-share@^4.0.0:
  version "4.0.1"
  resolved "https://registry.yarnpkg.com/react-share/-/react-share-4.0.1.tgz#6a291552185178e4b980936546c8d13cf2e67c82"
  integrity sha512-01Bpres5m74gaz7+scWSHZMCQftuZoOgi7v2fyAC71fC26wMZkQKQUGyx7cgLaDVyizpfj5D9IMfdeqiskDYRA==
  dependencies:
    classnames "^2.2.5"
    jsonp "^0.2.1"

react-transition-group@^4.3.0:
  version "4.3.0"
  resolved "https://registry.yarnpkg.com/react-transition-group/-/react-transition-group-4.3.0.tgz#fea832e386cf8796c58b61874a3319704f5ce683"
  integrity sha512-1qRV1ZuVSdxPlPf4O8t7inxUGpdyO5zG9IoNfJxSO0ImU2A1YWkEQvFPuIPZmMLkg5hYs7vv5mMOyfgSkvAwvw==
  dependencies:
    "@babel/runtime" "^7.5.5"
    dom-helpers "^5.0.1"
    loose-envify "^1.4.0"
    prop-types "^15.6.2"

regenerator-runtime@^0.13.2:
  version "0.13.3"
  resolved "https://registry.yarnpkg.com/regenerator-runtime/-/regenerator-runtime-0.13.3.tgz#7cf6a77d8f5c6f60eb73c5fc1955b2ceb01e6bf5"
  integrity sha512-naKIZz2GQ8JWh///G7L3X6LaQUAMp2lvb1rvwwsURe/VXwD6VMfr+/1NuNw3ag8v2kY1aQ/go5SNn79O9JU7yw==

shortid@^2.2.15:
  version "2.2.15"
  resolved "https://registry.yarnpkg.com/shortid/-/shortid-2.2.15.tgz#2b902eaa93a69b11120373cd42a1f1fe4437c122"
  integrity sha512-5EaCy2mx2Jgc/Fdn9uuDuNIIfWBpzY4XIlhoqtXF6qsf+/+SGZ+FxDdX/ZsMZiWupIWNqAEmiNY4RC+LSmCeOw==
  dependencies:
    nanoid "^2.1.0"

symbol-observable@^1.0.2:
  version "1.2.0"
  resolved "https://registry.yarnpkg.com/symbol-observable/-/symbol-observable-1.2.0.tgz#c22688aed4eab3cdc2dfeacbb561660560a00804"
  integrity sha512-e900nM8RRtGhlV36KGEU9k65K3mPb1WV70OdjfxlG2EAuM1noi/E/BaW/uMhL7bPEssK8QV57vN3esixjUvcXQ==

tiny-warning@^1.0.2:
  version "1.0.3"
  resolved "https://registry.yarnpkg.com/tiny-warning/-/tiny-warning-1.0.3.tgz#94a30db453df4c643d0fd566060d60a875d84754"
  integrity sha512-lBN9zLN/oAf68o3zNXYrdCt1kP8WsiGW8Oo2ka41b2IM5JL/S1CTyX1rW0mb/zSuJun0ZUrDxx4sqvYS2FWzPA==

ts-invariant@^0.4.0:
  version "0.4.4"
  resolved "https://registry.yarnpkg.com/ts-invariant/-/ts-invariant-0.4.4.tgz#97a523518688f93aafad01b0e80eb803eb2abd86"
  integrity sha512-uEtWkFM/sdZvRNNDL3Ehu4WVpwaulhwQszV8mrtcdeE8nN00BV9mAmQ88RkrBhFgl9gMgvjJLAQcZbnPXI9mlA==
  dependencies:
    tslib "^1.9.3"

tslib@^1.10.0, tslib@^1.9.3:
  version "1.11.1"
  resolved "https://registry.yarnpkg.com/tslib/-/tslib-1.11.1.tgz#eb15d128827fbee2841549e171f45ed338ac7e35"
  integrity sha512-aZW88SY8kQbU7gpV19lN24LtXh/yD4ZZg6qieAJDDg+YBsJcSmLGK9QpnUjAKVG/xefmvJGd1WUmfpT/g6AJGA==

victory-area@^34.1.1:
  version "34.1.1"
  resolved "https://registry.yarnpkg.com/victory-area/-/victory-area-34.1.1.tgz#c5c8d79e21aee1b907e6b6d8080578a98914462e"
  integrity sha512-IVN9VIx2p0eqnU3MSriungJNWnS++z3lz4W0eGNc3Ezrb/ko305i4OHtggY64MxDym5XQNp7Tmvsf3dGY3/Fww==
  dependencies:
    d3-shape "^1.2.0"
    lodash "^4.17.15"
    prop-types "^15.5.8"
    victory-core "^34.1.1"

victory-axis@^34.1.1:
  version "34.1.1"
  resolved "https://registry.yarnpkg.com/victory-axis/-/victory-axis-34.1.1.tgz#d1abc5a79d0fb7ed9c000d2d95c01cb2ff10bf8b"
  integrity sha512-23qDlP9HYGBofhF/VaGOrwIdZMJT/n8Lhb+sVsj7keBXIOWFIq9D6TulQJ0SnGa4efFEQf0c/cPlFJFu9PipkQ==
  dependencies:
    lodash "^4.17.15"
    prop-types "^15.5.8"
    victory-core "^34.1.1"

victory-bar@^34.1.1:
  version "34.1.1"
  resolved "https://registry.yarnpkg.com/victory-bar/-/victory-bar-34.1.1.tgz#75bd15aabce4f06e7f94a483acbf99042ebf1a0e"
  integrity sha512-np2KA9G+m0372QO1USGJ5MDjwAOUt31j2SFaHN5uylEJDJnd7eBWrPpDSLi8XhTe5WzJPy64RNfoIETsh365zA==
  dependencies:
    d3-shape "^1.2.0"
    lodash "^4.17.15"
    prop-types "^15.5.8"
    victory-core "^34.1.1"

victory-box-plot@^34.1.1:
  version "34.1.1"
  resolved "https://registry.yarnpkg.com/victory-box-plot/-/victory-box-plot-34.1.1.tgz#119c19bd3601286c017cbdc4fb6153b45d505d1b"
  integrity sha512-FIEhS2BqFG/vPQnWAgYUvawrCYoKKQuzV+36vcq4Mph0FWK1QunnYQPD69uKJyCuTeiOv3cnmzdaZZzdW+IHgQ==
  dependencies:
    d3-array "^1.2.0"
    lodash "^4.17.15"
    prop-types "^15.5.8"
    victory-core "^34.1.1"

victory-brush-container@^34.1.1:
  version "34.1.1"
  resolved "https://registry.yarnpkg.com/victory-brush-container/-/victory-brush-container-34.1.1.tgz#441af9e206231c2f58d386ff9a487458002b4122"
  integrity sha512-GGECTRV3sMnbNKEVH7HZMfFwrabcDYlq4AGjwH+LNz4xOvyoYoHUeqhCQ5VBlIZcb+ps/ZR0+fCzyZ9dBVqonw==
  dependencies:
    lodash "^4.17.15"
    prop-types "^15.5.8"
    react-fast-compare "^2.0.0"
    victory-core "^34.1.1"

victory-brush-line@^34.1.1:
  version "34.1.1"
  resolved "https://registry.yarnpkg.com/victory-brush-line/-/victory-brush-line-34.1.1.tgz#a925a6bd783399f2ebad71e6e1ac27388f6694d3"
  integrity sha512-UE2b5+WRe74JPpVFtAXX53LiyKaq8//YcLsltW9O2JeKIykWEqvGAP4BCzFjTa+Z52mY2lH4eOaA9XQXECu/xg==
  dependencies:
    lodash "^4.17.15"
    prop-types "^15.5.8"
    victory-core "^34.1.1"

victory-candlestick@^34.1.1:
  version "34.1.1"
  resolved "https://registry.yarnpkg.com/victory-candlestick/-/victory-candlestick-34.1.1.tgz#d3aba4523aea31454d78643755eff19dafd9309c"
  integrity sha512-tGw8wrpHQHjSnNMuAUCMwJmagDlFLVf9Z4fKZem9EARDRlKT83lK4ePK7JvnCCZLTQpCbDyuNxycGeQNobtsaA==
  dependencies:
    lodash "^4.17.15"
    prop-types "^15.5.8"
    victory-core "^34.1.1"

victory-chart@^34.1.1:
  version "34.1.1"
  resolved "https://registry.yarnpkg.com/victory-chart/-/victory-chart-34.1.1.tgz#b4bdbcb269785b24ed9426277d7109e3795343c5"
  integrity sha512-kJliRM3+5pqsrZIty5SIiP33JAQ4EPPdnyUl4K3KME0sBUvjCq+wOJ5XJIaR8995TIIMcYbEUGz8nVRKD4OoRg==
  dependencies:
    lodash "^4.17.15"
    prop-types "^15.5.8"
    react-fast-compare "^2.0.0"
    victory-axis "^34.1.1"
    victory-core "^34.1.1"
    victory-polar-axis "^34.1.1"
    victory-shared-events "^34.1.1"

victory-core@^34.1.1:
  version "34.1.1"
  resolved "https://registry.yarnpkg.com/victory-core/-/victory-core-34.1.1.tgz#17f1578af6835718f373680a9e51771b8246db5e"
  integrity sha512-tPzb3hNMjFl20dmh981mBakPExa3J2W4Hyq92jcNHmTLUSGV25nwkmTXBHcHAlbxiubE8iLo6VUlWrHhWyWuLQ==
  dependencies:
    d3-ease "^1.0.0"
    d3-interpolate "^1.1.1"
    d3-scale "^1.0.0"
    d3-shape "^1.2.0"
    d3-timer "^1.0.0"
    lodash "^4.17.15"
    prop-types "^15.5.8"
    react-fast-compare "^2.0.0"

victory-create-container@^34.1.1:
  version "34.1.1"
  resolved "https://registry.yarnpkg.com/victory-create-container/-/victory-create-container-34.1.1.tgz#bd903624caf9d282a5c62a9767d3154ff7b9a059"
  integrity sha512-xfdjlzVVvfp5375CApZAm/lHrCptqpr07qR8hDYmGo5PB9bgtfrOZB2gZe1ugdHck6+x3H/gglrca6ekO1W5XQ==
  dependencies:
    lodash "^4.17.15"
    victory-brush-container "^34.1.1"
    victory-core "^34.1.1"
    victory-cursor-container "^34.1.1"
    victory-selection-container "^34.1.1"
    victory-voronoi-container "^34.1.1"
    victory-zoom-container "^34.1.1"

victory-cursor-container@^34.1.1:
  version "34.1.1"
  resolved "https://registry.yarnpkg.com/victory-cursor-container/-/victory-cursor-container-34.1.1.tgz#059eed699644ceb5dd9a734ff2f937d8ec462d06"
  integrity sha512-AjXX602jtaCnGhLasYrKQx3AabQvHwJLu9T+s5gO/kAbRjGozRiCLp/gKgV8OJs/aHx2ykGILyfd4gk8jehWPQ==
  dependencies:
    lodash "^4.17.15"
    prop-types "^15.5.8"
    victory-core "^34.1.1"

victory-errorbar@^34.1.1:
  version "34.1.1"
  resolved "https://registry.yarnpkg.com/victory-errorbar/-/victory-errorbar-34.1.1.tgz#80e881c9de01f52de83eb9cb43d78828ed2123a6"
  integrity sha512-hsPN5rRN0ay5Vnc4dQkOP2za8TMkISKpZ7A+bp+LScnCdGV0O6re3qA5KpHoaCaVLA4MF3ranDj1m+KQ325uGw==
  dependencies:
    lodash "^4.17.15"
    prop-types "^15.5.8"
    victory-core "^34.1.1"

victory-group@^34.1.1:
  version "34.1.1"
  resolved "https://registry.yarnpkg.com/victory-group/-/victory-group-34.1.1.tgz#c16d2b251d7c4d5d2f9cf7e90bb16c50f1e0b602"
  integrity sha512-Dyvrs/OEfc3akBkyInRyNmJJ+PXMXsx6Bd6mqRZ7ckoDfws/Nc/orGnKkOy+PDRWJaVJyetDJiELIQe7sZlBDg==
  dependencies:
    lodash "^4.17.15"
    prop-types "^15.5.8"
    react-fast-compare "^2.0.0"
    victory-core "^34.1.1"

victory-legend@^34.1.1:
  version "34.1.1"
  resolved "https://registry.yarnpkg.com/victory-legend/-/victory-legend-34.1.1.tgz#2be7b475de769e1f6798a2cf7ae1399e7d020c2a"
  integrity sha512-TJL5JgBt6pD1xIuE551cr9uMk+qyPAVK2s0hSIrZ19CIyrARKRPU42gbkGIPxJ6O4T/1GUSoTvHaLL74tPm3bg==
  dependencies:
    lodash "^4.17.15"
    prop-types "^15.5.8"
    victory-core "^34.1.1"

victory-line@^34.1.1:
  version "34.1.1"
  resolved "https://registry.yarnpkg.com/victory-line/-/victory-line-34.1.1.tgz#6f64cea133c950c02fb1b8a3a8f8c3c72c79f33f"
  integrity sha512-okA3vvmTS2Ob6rM7GfrcfObJFQjZRH27ZfpZUcLltc2yykl2uX75ml2MWbbO3vFXDYq0lFiRmp9NXwpFwwUCHA==
  dependencies:
    d3-shape "^1.2.0"
    lodash "^4.17.15"
    prop-types "^15.5.8"
    victory-core "^34.1.1"

victory-pie@^34.1.1:
  version "34.1.1"
  resolved "https://registry.yarnpkg.com/victory-pie/-/victory-pie-34.1.1.tgz#279b1f59e3b00cc2bf3adc9fc5e10d62d1b1e67b"
  integrity sha512-2ppKp8GVQXbWED/ODdHClQW/G997fTJPoJh/C0+Jyrk4z3PB8Z8Mxh/8v3uz7XvTgf3OHZL2hsnmh0I86QY03g==
  dependencies:
    d3-shape "^1.0.0"
    lodash "^4.17.15"
    prop-types "^15.5.8"
    victory-core "^34.1.1"

victory-polar-axis@^34.1.1:
  version "34.1.1"
  resolved "https://registry.yarnpkg.com/victory-polar-axis/-/victory-polar-axis-34.1.1.tgz#89b74af0b2e5416839991e20e2161fb4497a6543"
  integrity sha512-bPmF16a6eiDP8H3i2XlaKl2uju1QiY8krL57DMfJUEykeBm723HVJ/4Y+6EwZjkaYgzgCDnYmcq8N53dB0RbPA==
  dependencies:
    lodash "^4.17.15"
    prop-types "^15.5.8"
    victory-core "^34.1.1"

victory-scatter@^34.1.1:
  version "34.1.1"
  resolved "https://registry.yarnpkg.com/victory-scatter/-/victory-scatter-34.1.1.tgz#a9b33a0ab1bc238353b18d54587ea67b766e6f68"
  integrity sha512-rxzf+Qc+B6lxg6Lxi0CqrcLYyIZnSkJg4Va3/ZcxSrsHfqYiNYvy437hj9nAJqyzI+N7mRxPK/L2k2co9Py2Fw==
  dependencies:
    lodash "^4.17.15"
    prop-types "^15.5.8"
    victory-core "^34.1.1"

victory-selection-container@^34.1.1:
  version "34.1.1"
  resolved "https://registry.yarnpkg.com/victory-selection-container/-/victory-selection-container-34.1.1.tgz#f3dade7bc1bd88d167874729c2aa21245b83d3ff"
  integrity sha512-QLmTMAiAGZgUtosZWm6XsPXC5C7hTB2kI226FTvoQxE3eISCRWm9d3WyYkEaN6j4Nas1qAMzcd3PMABu35ASRw==
  dependencies:
    lodash "^4.17.15"
    prop-types "^15.5.8"
    victory-core "^34.1.1"

victory-shared-events@^34.1.1:
  version "34.1.1"
  resolved "https://registry.yarnpkg.com/victory-shared-events/-/victory-shared-events-34.1.1.tgz#d62f425e4a66d85a9c0b5b2b3fc29efbe300a7b3"
  integrity sha512-eBWf8nA8y5uIFzoZnc4/RfM1fB2bOYSj7rHmpbSh/i+nVkUsNlKRK8HDmhpGJOwK9vSy8OI9S+c2ecFhUKYFRA==
  dependencies:
    lodash "^4.17.15"
    prop-types "^15.5.8"
    react-fast-compare "^2.0.0"
    victory-core "^34.1.1"

victory-stack@^34.1.1:
  version "34.1.1"
  resolved "https://registry.yarnpkg.com/victory-stack/-/victory-stack-34.1.1.tgz#5bfc6e76c1fd26e80b4f347d68b88822cb024899"
  integrity sha512-Qn3gG7cyCXaIWQdo7rDOa0bN9KSOfD2bWu005/PtVBbkYhvc23BeBR81HqqK/LTWP75uA/22w3k2VzFFBXivMw==
  dependencies:
    lodash "^4.17.15"
    prop-types "^15.5.8"
    react-fast-compare "^2.0.0"
    victory-core "^34.1.1"

victory-tooltip@^34.1.1:
  version "34.1.1"
  resolved "https://registry.yarnpkg.com/victory-tooltip/-/victory-tooltip-34.1.1.tgz#a36d76a5db26d75133d348b2d369db01429ebe59"
  integrity sha512-nOEVsZNAJmlkY92IPjOOmD0xsTSHi+jcfxgQqAMgtj5R2mDr1IC2Z1J8VSyTbH1AlyPzrJWN4ohMmCNUBjqOQA==
  dependencies:
    lodash "^4.17.15"
    prop-types "^15.5.8"
    victory-core "^34.1.1"

victory-voronoi-container@^34.1.1:
  version "34.1.1"
  resolved "https://registry.yarnpkg.com/victory-voronoi-container/-/victory-voronoi-container-34.1.1.tgz#d3b7424d13caf5d520e7acd7e7e62b6b491b40b5"
  integrity sha512-ZotrVF+MSpZdNma/2WFi2UTpau9RRLWH4sQasNAYExOEGAel3hsSj81OTb2RatQ6mPqyR8oBtKzsLMmTdeLkRg==
  dependencies:
    delaunay-find "0.0.5"
    lodash "^4.17.15"
    prop-types "^15.5.8"
    victory-core "^34.1.1"
    victory-tooltip "^34.1.1"

victory-voronoi@^34.1.1:
  version "34.1.1"
  resolved "https://registry.yarnpkg.com/victory-voronoi/-/victory-voronoi-34.1.1.tgz#bb735d603d7734c2ed5f3f28536e738e523f7402"
  integrity sha512-lEPXCt5dA96XiOm23AT+6ZOgxBNUKMHAejA19LmBkCz/zwKd5pGBsCGEPqsbhypVVDHhQbkIetxNf6kI+AlXJQ==
  dependencies:
    d3-voronoi "^1.1.2"
    lodash "^4.17.15"
    prop-types "^15.5.8"
    victory-core "^34.1.1"

victory-zoom-container@^34.1.1:
  version "34.1.1"
  resolved "https://registry.yarnpkg.com/victory-zoom-container/-/victory-zoom-container-34.1.1.tgz#98e06df59bc1945128bf176780a0bb2de304c048"
  integrity sha512-xMb4CPlOsfiJ6lzSKSJFQrM5ivJ8DU8PBKMtDrQkgjPAZTp7B99cF05poCtxn4M+mSJvo2/87Z0SfjOxBoz/cA==
  dependencies:
    lodash "^4.17.15"
    prop-types "^15.5.8"
    victory-core "^34.1.1"

victory@^34.1.1:
  version "34.1.1"
  resolved "https://registry.yarnpkg.com/victory/-/victory-34.1.1.tgz#c974599bd0cb3cc6ee5678984e77779d63c0c759"
  integrity sha512-UYBolTpIZYyfI2EhDQ3mzVyLfGmgRlscnu0qdEJe7gkOG+gKeM8yQhjBvmuqiTMoZl5R89uriGJrmwSSDYDBkQ==
  dependencies:
    victory-area "^34.1.1"
    victory-axis "^34.1.1"
    victory-bar "^34.1.1"
    victory-box-plot "^34.1.1"
    victory-brush-container "^34.1.1"
    victory-brush-line "^34.1.1"
    victory-candlestick "^34.1.1"
    victory-chart "^34.1.1"
    victory-core "^34.1.1"
    victory-create-container "^34.1.1"
    victory-cursor-container "^34.1.1"
    victory-errorbar "^34.1.1"
    victory-group "^34.1.1"
    victory-legend "^34.1.1"
    victory-line "^34.1.1"
    victory-pie "^34.1.1"
    victory-polar-axis "^34.1.1"
    victory-scatter "^34.1.1"
    victory-selection-container "^34.1.1"
    victory-shared-events "^34.1.1"
    victory-stack "^34.1.1"
    victory-tooltip "^34.1.1"
    victory-voronoi "^34.1.1"
    victory-voronoi-container "^34.1.1"
    victory-zoom-container "^34.1.1"

zen-observable-ts@^0.8.20:
  version "0.8.20"
  resolved "https://registry.yarnpkg.com/zen-observable-ts/-/zen-observable-ts-0.8.20.tgz#44091e335d3fcbc97f6497e63e7f57d5b516b163"
  integrity sha512-2rkjiPALhOtRaDX6pWyNqK1fnP5KkJJybYebopNSn6wDG1lxBoFs2+nwwXKoA6glHIrtwrfBBy6da0stkKtTAA==
  dependencies:
    tslib "^1.9.3"
    zen-observable "^0.8.0"

zen-observable@^0.8.0:
  version "0.8.15"
  resolved "https://registry.yarnpkg.com/zen-observable/-/zen-observable-0.8.15.tgz#96415c512d8e3ffd920afd3889604e30b9eaac15"
  integrity sha512-PQ2PC7R9rslx84ndNBZB/Dkv8V8fZEpk83RLgXtYd0fwUgEjseMn1Dgajh2x6S8QbZAFa9p2qVCEuYZNgve0dQ==
